// !$*UTF8*$!
{
	archiveVersion = 1;
	classes = {
	};
	objectVersion = 48;
	objects = {

/* Begin PBXBuildFile section */
		05029EBA1FE2BF8F004D96B1 /* AppDelegate+getMe.swift in Sources */ = {isa = PBXBuildFile; fileRef = 05029EB91FE2BF8F004D96B1 /* AppDelegate+getMe.swift */; };
		05029ECA1FE334C5004D96B1 /* RequestToAGiftViewController.swift in Sources */ = {isa = PBXBuildFile; fileRef = 05029EC81FE334C5004D96B1 /* RequestToAGiftViewController.swift */; };
		05029ECB1FE334C5004D96B1 /* RequestToAGiftViewController.xib in Resources */ = {isa = PBXBuildFile; fileRef = 05029EC91FE334C5004D96B1 /* RequestToAGiftViewController.xib */; };
		05029ECE1FE9381E004D96B1 /* RequestsTableViewCell.swift in Sources */ = {isa = PBXBuildFile; fileRef = 05029ECC1FE9381E004D96B1 /* RequestsTableViewCell.swift */; };
		05029ECF1FE9381E004D96B1 /* RequestsTableViewCell.xib in Resources */ = {isa = PBXBuildFile; fileRef = 05029ECD1FE9381E004D96B1 /* RequestsTableViewCell.xib */; };
		05029ED21FE93EC9004D96B1 /* RequestToAGiftTableViewCell.swift in Sources */ = {isa = PBXBuildFile; fileRef = 05029ED01FE93EC9004D96B1 /* RequestToAGiftTableViewCell.swift */; };
		05029ED31FE93EC9004D96B1 /* RequestToAGiftTableViewCell.xib in Resources */ = {isa = PBXBuildFile; fileRef = 05029ED11FE93EC9004D96B1 /* RequestToAGiftTableViewCell.xib */; };
		05029ED61FE9A683004D96B1 /* ButtonWithData.swift in Sources */ = {isa = PBXBuildFile; fileRef = 05029ED51FE9A683004D96B1 /* ButtonWithData.swift */; };
		0507C8631F8C1A920084CDF1 /* AppDelegate.swift in Sources */ = {isa = PBXBuildFile; fileRef = 0507C8621F8C1A920084CDF1 /* AppDelegate.swift */; };
		0507C8651F8C1A920084CDF1 /* ViewController.swift in Sources */ = {isa = PBXBuildFile; fileRef = 0507C8641F8C1A920084CDF1 /* ViewController.swift */; };
		0507C8681F8C1A920084CDF1 /* Main.storyboard in Resources */ = {isa = PBXBuildFile; fileRef = 0507C8661F8C1A920084CDF1 /* Main.storyboard */; };
		0507C86A1F8C1A920084CDF1 /* Assets.xcassets in Resources */ = {isa = PBXBuildFile; fileRef = 0507C8691F8C1A920084CDF1 /* Assets.xcassets */; };
		0507C86D1F8C1A920084CDF1 /* LaunchScreen.storyboard in Resources */ = {isa = PBXBuildFile; fileRef = 0507C86B1F8C1A920084CDF1 /* LaunchScreen.storyboard */; };
		05335D451FD0D0A800601115 /* GiftDetailViewController.swift in Sources */ = {isa = PBXBuildFile; fileRef = 05335D431FD0D0A800601115 /* GiftDetailViewController.swift */; };
		05335D461FD0D0A800601115 /* GiftDetailViewController.xib in Resources */ = {isa = PBXBuildFile; fileRef = 05335D441FD0D0A800601115 /* GiftDetailViewController.xib */; };
		05335D491FD0DDA200601115 /* SDWebImageSource.swift in Sources */ = {isa = PBXBuildFile; fileRef = 05335D481FD0DDA200601115 /* SDWebImageSource.swift */; };
		054B1B491FCC29F6007570EF /* GiftTableViewCell.swift in Sources */ = {isa = PBXBuildFile; fileRef = 054B1B471FCC29F6007570EF /* GiftTableViewCell.swift */; };
		054B1B4A1FCC29F6007570EF /* GiftTableViewCell.xib in Resources */ = {isa = PBXBuildFile; fileRef = 054B1B481FCC29F6007570EF /* GiftTableViewCell.xib */; };
		054B1B521FCC4101007570EF /* IRANSansMobile_Light.ttf in Resources */ = {isa = PBXBuildFile; fileRef = 054B1B4C1FCC40FF007570EF /* IRANSansMobile_Light.ttf */; };
		054B1B531FCC4101007570EF /* IRANSansMobile_Bold.ttf in Resources */ = {isa = PBXBuildFile; fileRef = 054B1B4D1FCC4100007570EF /* IRANSansMobile_Bold.ttf */; };
		054B1B541FCC4101007570EF /* IRANSansMobile_Black.ttf in Resources */ = {isa = PBXBuildFile; fileRef = 054B1B4E1FCC4100007570EF /* IRANSansMobile_Black.ttf */; };
		054B1B551FCC4101007570EF /* IRANSansMobile_Medium.ttf in Resources */ = {isa = PBXBuildFile; fileRef = 054B1B4F1FCC4100007570EF /* IRANSansMobile_Medium.ttf */; };
		054B1B561FCC4101007570EF /* IRANSansMobile_UltraLight.ttf in Resources */ = {isa = PBXBuildFile; fileRef = 054B1B501FCC4100007570EF /* IRANSansMobile_UltraLight.ttf */; };
		054B1B571FCC4101007570EF /* IRANSansMobile.ttf in Resources */ = {isa = PBXBuildFile; fileRef = 054B1B511FCC4100007570EF /* IRANSansMobile.ttf */; };
		05644DB91FFEF3A500B7C853 /* ChatListTableViewCell.xib in Resources */ = {isa = PBXBuildFile; fileRef = 05644DB31FFEF3A500B7C853 /* ChatListTableViewCell.xib */; };
		05644DBA1FFEF3A500B7C853 /* ChatConversationTableViewCell.swift in Sources */ = {isa = PBXBuildFile; fileRef = 05644DB41FFEF3A500B7C853 /* ChatConversationTableViewCell.swift */; };
		05644DBB1FFEF3A500B7C853 /* OthersChatConversationTableViewCell.xib in Resources */ = {isa = PBXBuildFile; fileRef = 05644DB51FFEF3A500B7C853 /* OthersChatConversationTableViewCell.xib */; };
		05644DBC1FFEF3A500B7C853 /* ChatListTableViewCell.swift in Sources */ = {isa = PBXBuildFile; fileRef = 05644DB61FFEF3A500B7C853 /* ChatListTableViewCell.swift */; };
		05644DBD1FFEF3A500B7C853 /* ChatConversationTableViewCell.xib in Resources */ = {isa = PBXBuildFile; fileRef = 05644DB71FFEF3A500B7C853 /* ChatConversationTableViewCell.xib */; };
		05644DBE1FFEF3A500B7C853 /* OthersChatConversationTableViewCell.swift in Sources */ = {isa = PBXBuildFile; fileRef = 05644DB81FFEF3A500B7C853 /* OthersChatConversationTableViewCell.swift */; };
		05644DC01FFEF44A00B7C853 /* Message.swift in Sources */ = {isa = PBXBuildFile; fileRef = 05644DBF1FFEF44A00B7C853 /* Message.swift */; };
		05644DC21FFEF5CB00B7C853 /* String+widthAndHeightOfLabel.swift in Sources */ = {isa = PBXBuildFile; fileRef = 05644DC11FFEF5CB00B7C853 /* String+widthAndHeightOfLabel.swift */; };
		05644DC41FFEF62300B7C853 /* ChatAbs.swift in Sources */ = {isa = PBXBuildFile; fileRef = 05644DC31FFEF62300B7C853 /* ChatAbs.swift */; };
		05644DC61FFEFA2E00B7C853 /* DateHandler.swift in Sources */ = {isa = PBXBuildFile; fileRef = 05644DC51FFEFA2E00B7C853 /* DateHandler.swift */; };
		05644DC81FFF01C300B7C853 /* ChatConversationResult.swift in Sources */ = {isa = PBXBuildFile; fileRef = 05644DC71FFF01C200B7C853 /* ChatConversationResult.swift */; };
		05644DCA1FFF02A100B7C853 /* UITableView+isCellVisible.swift in Sources */ = {isa = PBXBuildFile; fileRef = 05644DC91FFF02A000B7C853 /* UITableView+isCellVisible.swift */; };
		05644DCD1FFF06BD00B7C853 /* SectionView.swift in Sources */ = {isa = PBXBuildFile; fileRef = 05644DCB1FFF06BC00B7C853 /* SectionView.swift */; };
		05644DCE1FFF06BD00B7C853 /* SectionView.xib in Resources */ = {isa = PBXBuildFile; fileRef = 05644DCC1FFF06BC00B7C853 /* SectionView.xib */; };
		05644DD01FFF06F900B7C853 /* NibLoader.swift in Sources */ = {isa = PBXBuildFile; fileRef = 05644DCF1FFF06F900B7C853 /* NibLoader.swift */; };
		056FBB5A1F9135EA0023C9CF /* HomeViewController.swift in Sources */ = {isa = PBXBuildFile; fileRef = 056FBB581F9135EA0023C9CF /* HomeViewController.swift */; };
		056FBB5B1F9135EA0023C9CF /* HomeViewController.xib in Resources */ = {isa = PBXBuildFile; fileRef = 056FBB591F9135EA0023C9CF /* HomeViewController.xib */; };
		056FBB611F91585C0023C9CF /* APIURLs.swift in Sources */ = {isa = PBXBuildFile; fileRef = 056FBB601F91585C0023C9CF /* APIURLs.swift */; };
		05AE646F1FA2B43000FCCC28 /* ApiOutputs.swift in Sources */ = {isa = PBXBuildFile; fileRef = 05AE646E1FA2B43000FCCC28 /* ApiOutputs.swift */; };
		05AE64731FA93F4800FCCC28 /* ApiMethods.swift in Sources */ = {isa = PBXBuildFile; fileRef = 05AE64721FA93F4800FCCC28 /* ApiMethods.swift */; };
		05B124CC202DB056007E28CC /* latest.json in Resources */ = {isa = PBXBuildFile; fileRef = 05B124CB202DB056007E28CC /* latest.json */; };
		05BEA4312049667500147BF5 /* MyKindnessWallViewController.swift in Sources */ = {isa = PBXBuildFile; fileRef = 05BEA42F2049667400147BF5 /* MyKindnessWallViewController.swift */; };
		05BEA4322049667500147BF5 /* MyKindnessWallViewController.xib in Resources */ = {isa = PBXBuildFile; fileRef = 05BEA4302049667400147BF5 /* MyKindnessWallViewController.xib */; };
		05BEA43820498EB400147BF5 /* UIView+hide+show.swift in Sources */ = {isa = PBXBuildFile; fileRef = 05BEA43720498EB400147BF5 /* UIView+hide+show.swift */; };
		05BEA43A20498EF100147BF5 /* UIView+RegisterationHelp.swift in Sources */ = {isa = PBXBuildFile; fileRef = 05BEA43920498EF100147BF5 /* UIView+RegisterationHelp.swift */; };
		05BEA43C20498F1900147BF5 /* UITableView+RegisterCell.swift in Sources */ = {isa = PBXBuildFile; fileRef = 05BEA43B20498F1900147BF5 /* UITableView+RegisterCell.swift */; };
		05BEA43E2049919D00147BF5 /* String+numbers.swift in Sources */ = {isa = PBXBuildFile; fileRef = 05BEA43D2049919D00147BF5 /* String+numbers.swift */; };
		05BEA444204C1FFA00147BF5 /* PromptUser.swift in Sources */ = {isa = PBXBuildFile; fileRef = 05BEA442204C1FFA00147BF5 /* PromptUser.swift */; };
		05BEA445204C1FFA00147BF5 /* PromptUser.xib in Resources */ = {isa = PBXBuildFile; fileRef = 05BEA443204C1FFA00147BF5 /* PromptUser.xib */; };
		05BEA447204C21E800147BF5 /* PopUpView.swift in Sources */ = {isa = PBXBuildFile; fileRef = 05BEA446204C21E800147BF5 /* PopUpView.swift */; };
		05BFBBB21FDA5DBF00DBCDDF /* UIFunctions.swift in Sources */ = {isa = PBXBuildFile; fileRef = 05BFBBB11FDA5DBE00DBCDDF /* UIFunctions.swift */; };
		05BFBBB81FDA654D00DBCDDF /* ActivationEnterPhoneViewController.swift in Sources */ = {isa = PBXBuildFile; fileRef = 05BFBBB41FDA654D00DBCDDF /* ActivationEnterPhoneViewController.swift */; };
		05BFBBB91FDA654D00DBCDDF /* ActivationEnterVerifyCodeViewController.xib in Resources */ = {isa = PBXBuildFile; fileRef = 05BFBBB51FDA654D00DBCDDF /* ActivationEnterVerifyCodeViewController.xib */; };
		05BFBBBA1FDA654D00DBCDDF /* ActivationEnterPhoneViewController.xib in Resources */ = {isa = PBXBuildFile; fileRef = 05BFBBB61FDA654D00DBCDDF /* ActivationEnterPhoneViewController.xib */; };
		05BFBBBB1FDA654D00DBCDDF /* ActivationEnterVerifyCodeViewController.swift in Sources */ = {isa = PBXBuildFile; fileRef = 05BFBBB71FDA654D00DBCDDF /* ActivationEnterVerifyCodeViewController.swift */; };
		05BFBBBF1FDA9FCF00DBCDDF /* NavigationBarStyle.swift in Sources */ = {isa = PBXBuildFile; fileRef = 05BFBBBC1FDA9FCE00DBCDDF /* NavigationBarStyle.swift */; };
		05BFBBC01FDA9FCF00DBCDDF /* FlashMessage.swift in Sources */ = {isa = PBXBuildFile; fileRef = 05BFBBBD1FDA9FCE00DBCDDF /* FlashMessage.swift */; };
		05BFBBC11FDA9FCF00DBCDDF /* DateHelper.swift in Sources */ = {isa = PBXBuildFile; fileRef = 05BFBBBE1FDA9FCE00DBCDDF /* DateHelper.swift */; };
		05BFBBC31FDAA45C00DBCDDF /* Time.swift in Sources */ = {isa = PBXBuildFile; fileRef = 05BFBBC21FDAA45C00DBCDDF /* Time.swift */; };
		05BFBBC61FDAA4B200DBCDDF /* AppEnums.swift in Sources */ = {isa = PBXBuildFile; fileRef = 05BFBBC51FDAA4B100DBCDDF /* AppEnums.swift */; };
		05BFBBC81FDAA4EF00DBCDDF /* AppColor.swift in Sources */ = {isa = PBXBuildFile; fileRef = 05BFBBC71FDAA4EF00DBCDDF /* AppColor.swift */; };
		05BFBBCA1FDAA53900DBCDDF /* AppFont.swift in Sources */ = {isa = PBXBuildFile; fileRef = 05BFBBC91FDAA53900DBCDDF /* AppFont.swift */; };
		05BFBBCC1FDB101700DBCDDF /* UIFont+printAllFonts.swift in Sources */ = {isa = PBXBuildFile; fileRef = 05BFBBCB1FDB101700DBCDDF /* UIFont+printAllFonts.swift */; };
		05BFBBD01FE0703500DBCDDF /* RegisterGiftViewController.swift in Sources */ = {isa = PBXBuildFile; fileRef = 05BFBBCE1FE0703500DBCDDF /* RegisterGiftViewController.swift */; };
		05BFBBD11FE0703500DBCDDF /* RegisterGiftViewController.xib in Resources */ = {isa = PBXBuildFile; fileRef = 05BFBBCF1FE0703500DBCDDF /* RegisterGiftViewController.xib */; };
		05BFBBD41FE1C4EE00DBCDDF /* RequestsViewController.swift in Sources */ = {isa = PBXBuildFile; fileRef = 05BFBBD21FE1C4EE00DBCDDF /* RequestsViewController.swift */; };
		05BFBBD51FE1C4EE00DBCDDF /* RequestsViewController.xib in Resources */ = {isa = PBXBuildFile; fileRef = 05BFBBD31FE1C4EE00DBCDDF /* RequestsViewController.xib */; };
		05BFBBD71FE1D6FE00DBCDDF /* String+isNumber.swift in Sources */ = {isa = PBXBuildFile; fileRef = 05BFBBD61FE1D6FE00DBCDDF /* String+isNumber.swift */; };
		05BFBBD91FE24C4D00DBCDDF /* AppConstants.swift in Sources */ = {isa = PBXBuildFile; fileRef = 05BFBBD81FE24C4D00DBCDDF /* AppConstants.swift */; };
		05BFBBDB1FE24C6E00DBCDDF /* TabIndex.swift in Sources */ = {isa = PBXBuildFile; fileRef = 05BFBBDA1FE24C6E00DBCDDF /* TabIndex.swift */; };
		05BFBBDE1FE26A9000DBCDDF /* Gift.swift in Sources */ = {isa = PBXBuildFile; fileRef = 05BFBBDD1FE26A9000DBCDDF /* Gift.swift */; };
		05BFBBE01FE26ADE00DBCDDF /* User.swift in Sources */ = {isa = PBXBuildFile; fileRef = 05BFBBDF1FE26ADE00DBCDDF /* User.swift */; };
		05BFBBE21FE26B0500DBCDDF /* Category.swift in Sources */ = {isa = PBXBuildFile; fileRef = 05BFBBE11FE26B0500DBCDDF /* Category.swift */; };
		05BFBBE41FE26B4C00DBCDDF /* Request.swift in Sources */ = {isa = PBXBuildFile; fileRef = 05BFBBE31FE26B4C00DBCDDF /* Request.swift */; };
		05BFBBEC1FE29F7C00DBCDDF /* IntroViewController.swift in Sources */ = {isa = PBXBuildFile; fileRef = 05BFBBEB1FE29F7C00DBCDDF /* IntroViewController.swift */; };
		05DDD3E01F921DCD006C5E31 /* ApiInput.swift in Sources */ = {isa = PBXBuildFile; fileRef = 05DDD3DF1F921DCD006C5E31 /* ApiInput.swift */; };
		05DDD3E21F921E98006C5E31 /* ResponseModel.swift in Sources */ = {isa = PBXBuildFile; fileRef = 05DDD3E11F921E98006C5E31 /* ResponseModel.swift */; };
		05DDD3E41F921F19006C5E31 /* APIRequest.swift in Sources */ = {isa = PBXBuildFile; fileRef = 05DDD3E31F921F19006C5E31 /* APIRequest.swift */; };
		05F6AA531FFEEB8D00CDABC2 /* ChatConversationViewController.xib in Resources */ = {isa = PBXBuildFile; fileRef = 05F6AA4F1FFEEB8C00CDABC2 /* ChatConversationViewController.xib */; };
		05F6AA541FFEEB8D00CDABC2 /* ChatListTableViewController.swift in Sources */ = {isa = PBXBuildFile; fileRef = 05F6AA501FFEEB8C00CDABC2 /* ChatListTableViewController.swift */; };
		05F6AA551FFEEB8D00CDABC2 /* ChatConversationViewController.swift in Sources */ = {isa = PBXBuildFile; fileRef = 05F6AA511FFEEB8D00CDABC2 /* ChatConversationViewController.swift */; };
		05F6AA561FFEEB8D00CDABC2 /* ChatListTableViewController.xib in Resources */ = {isa = PBXBuildFile; fileRef = 05F6AA521FFEEB8D00CDABC2 /* ChatListTableViewController.xib */; };
		6009DB95212D6FE5002FD769 /* ContactUsViewController.swift in Sources */ = {isa = PBXBuildFile; fileRef = 6009DB93212D6FE5002FD769 /* ContactUsViewController.swift */; };
		6009DB96212D6FE5002FD769 /* ContactUsViewController.xib in Resources */ = {isa = PBXBuildFile; fileRef = 6009DB94212D6FE5002FD769 /* ContactUsViewController.xib */; };
		6009DB992130922C002FD769 /* StatisticViewController.swift in Sources */ = {isa = PBXBuildFile; fileRef = 6009DB972130922C002FD769 /* StatisticViewController.swift */; };
		6009DB9A2130922C002FD769 /* StatisticViewController.xib in Resources */ = {isa = PBXBuildFile; fileRef = 6009DB982130922C002FD769 /* StatisticViewController.xib */; };
		6009DB9D2130931C002FD769 /* StatisticTableViewCell.swift in Sources */ = {isa = PBXBuildFile; fileRef = 6009DB9B2130931C002FD769 /* StatisticTableViewCell.swift */; };
		6009DB9E2130931C002FD769 /* StatisticTableViewCell.xib in Resources */ = {isa = PBXBuildFile; fileRef = 6009DB9C2130931C002FD769 /* StatisticTableViewCell.xib */; };
		6009DBA02130A385002FD769 /* Statistics.swift in Sources */ = {isa = PBXBuildFile; fileRef = 6009DB9F2130A385002FD769 /* Statistics.swift */; };
		601F83C32036A36500F9118B /* DateStatusListViewModel.swift in Sources */ = {isa = PBXBuildFile; fileRef = 601F83C22036A36400F9118B /* DateStatusListViewModel.swift */; };
		601F83CE2036A50600F9118B /* GenericOptionsTableViewCell.swift in Sources */ = {isa = PBXBuildFile; fileRef = 601F83CC2036A50600F9118B /* GenericOptionsTableViewCell.swift */; };
		601F83CF2036A50600F9118B /* GenericOptionsTableViewCell.xib in Resources */ = {isa = PBXBuildFile; fileRef = 601F83CD2036A50600F9118B /* GenericOptionsTableViewCell.xib */; };
		601F83D12036A8BE00F9118B /* DateStatus.swift in Sources */ = {isa = PBXBuildFile; fileRef = 601F83D02036A8BE00F9118B /* DateStatus.swift */; };
		601F83D32037367900F9118B /* Place.swift in Sources */ = {isa = PBXBuildFile; fileRef = 601F83D22037367900F9118B /* Place.swift */; };
		601F83D520373E9E00F9118B /* PlaceListViewModel.swift in Sources */ = {isa = PBXBuildFile; fileRef = 601F83D420373E9E00F9118B /* PlaceListViewModel.swift */; };
		601F83D7203C3CD400F9118B /* ImageUpload.swift in Sources */ = {isa = PBXBuildFile; fileRef = 601F83D6203C3CD400F9118B /* ImageUpload.swift */; };
		602BC8F62034B7BE00ECF6E2 /* UploadImageView.swift in Sources */ = {isa = PBXBuildFile; fileRef = 602BC8F52034B7BE00ECF6E2 /* UploadImageView.swift */; };
		602BC8F82034B7CC00ECF6E2 /* UploadImageView.xib in Resources */ = {isa = PBXBuildFile; fileRef = 602BC8F72034B7CC00ECF6E2 /* UploadImageView.xib */; };
		60302DE02068FC7E0025D397 /* PopUpViewController.swift in Sources */ = {isa = PBXBuildFile; fileRef = 60302DDE2068FC7E0025D397 /* PopUpViewController.swift */; };
		60302DE12068FC7E0025D397 /* PopUpViewController.xib in Resources */ = {isa = PBXBuildFile; fileRef = 60302DDF2068FC7E0025D397 /* PopUpViewController.xib */; };
		60302DE32069018C0025D397 /* PopUpMessage.swift in Sources */ = {isa = PBXBuildFile; fileRef = 60302DE22069018C0025D397 /* PopUpMessage.swift */; };
		6032F61C205287ED00975C23 /* LoadingIndicator.swift in Sources */ = {isa = PBXBuildFile; fileRef = 6032F61B205287ED00975C23 /* LoadingIndicator.swift */; };
		6040F3A3206688A800FCD429 /* APIEmptyInput.swift in Sources */ = {isa = PBXBuildFile; fileRef = 6040F3A2206688A800FCD429 /* APIEmptyInput.swift */; };
		60861154206E3E2C000A42E5 /* UINavigationBar + config.swift in Sources */ = {isa = PBXBuildFile; fileRef = 60861153206E3E2C000A42E5 /* UINavigationBar + config.swift */; };
		60861156206E50CD000A42E5 /* AppLanguage.swift in Sources */ = {isa = PBXBuildFile; fileRef = 60861155206E50CD000A42E5 /* AppLanguage.swift */; };
		6092D633204950F700AFDA7B /* MyGiftsViewController.swift in Sources */ = {isa = PBXBuildFile; fileRef = 6092D631204950F700AFDA7B /* MyGiftsViewController.swift */; };
		6092D634204950F700AFDA7B /* MyGiftsViewController.xib in Resources */ = {isa = PBXBuildFile; fileRef = 6092D632204950F700AFDA7B /* MyGiftsViewController.xib */; };
		60AE9C81202DB7F800F246CD /* OptionsListViewController.xib in Resources */ = {isa = PBXBuildFile; fileRef = 60AE9C7F202DB7F800F246CD /* OptionsListViewController.xib */; };
		60AE9C86202DB9B100F246CD /* CategoryListViewModel.swift in Sources */ = {isa = PBXBuildFile; fileRef = 60AE9C85202DB9B100F246CD /* CategoryListViewModel.swift */; };
		60AE9C88202DE87100F246CD /* OptionsListViewController.swift in Sources */ = {isa = PBXBuildFile; fileRef = 60AE9C87202DE87100F246CD /* OptionsListViewController.swift */; };
		60AE9C91202DF97100F246CD /* CategoryOptionsTableViewCell.swift in Sources */ = {isa = PBXBuildFile; fileRef = 60AE9C8F202DF97100F246CD /* CategoryOptionsTableViewCell.swift */; };
		60AE9C92202DF97100F246CD /* CategoryOptionsTableViewCell.xib in Resources */ = {isa = PBXBuildFile; fileRef = 60AE9C90202DF97100F246CD /* CategoryOptionsTableViewCell.xib */; };
		60AE9C94202DFB6A00F246CD /* UITableView+RegisterNib.swift in Sources */ = {isa = PBXBuildFile; fileRef = 60AE9C93202DFB6A00F246CD /* UITableView+RegisterNib.swift */; };
		60FAB83920642AB80039BF61 /* UINavigationItem + config.swift in Sources */ = {isa = PBXBuildFile; fileRef = 60FAB83820642AB80039BF61 /* UINavigationItem + config.swift */; };
		60FAB83C2064320E0039BF61 /* Request Inputs.swift in Sources */ = {isa = PBXBuildFile; fileRef = 60FAB83B2064320E0039BF61 /* Request Inputs.swift */; };
		60FAB83E2064DBE10039BF61 /* APICall.swift in Sources */ = {isa = PBXBuildFile; fileRef = 60FAB83D2064DBE10039BF61 /* APICall.swift */; };
		60FAB8402064EE950039BF61 /* RGVC + uploading images.swift in Sources */ = {isa = PBXBuildFile; fileRef = 60FAB83F2064EE950039BF61 /* RGVC + uploading images.swift */; };
		60FAB843206503AE0039BF61 /* Stored Models.swift in Sources */ = {isa = PBXBuildFile; fileRef = 60FAB842206503AE0039BF61 /* Stored Models.swift */; };
		60FAB845206571340039BF61 /* icomoon.ttf in Resources */ = {isa = PBXBuildFile; fileRef = 60FAB844206571340039BF61 /* icomoon.ttf */; };
		F7BCA4F8A441C01D89E9B782 /* Pods_app.framework in Frameworks */ = {isa = PBXBuildFile; fileRef = A4C277763F780436B62AC383 /* Pods_app.framework */; };
/* End PBXBuildFile section */

/* Begin PBXFileReference section */
		006A9055ED7D4288198332F6 /* Pods-app.debug.xcconfig */ = {isa = PBXFileReference; includeInIndex = 1; lastKnownFileType = text.xcconfig; name = "Pods-app.debug.xcconfig"; path = "Pods/Target Support Files/Pods-app/Pods-app.debug.xcconfig"; sourceTree = "<group>"; };
		05029EB91FE2BF8F004D96B1 /* AppDelegate+getMe.swift */ = {isa = PBXFileReference; fileEncoding = 4; lastKnownFileType = sourcecode.swift; path = "AppDelegate+getMe.swift"; sourceTree = "<group>"; };
		05029EC81FE334C5004D96B1 /* RequestToAGiftViewController.swift */ = {isa = PBXFileReference; lastKnownFileType = sourcecode.swift; path = RequestToAGiftViewController.swift; sourceTree = "<group>"; };
		05029EC91FE334C5004D96B1 /* RequestToAGiftViewController.xib */ = {isa = PBXFileReference; lastKnownFileType = file.xib; path = RequestToAGiftViewController.xib; sourceTree = "<group>"; };
		05029ECC1FE9381E004D96B1 /* RequestsTableViewCell.swift */ = {isa = PBXFileReference; lastKnownFileType = sourcecode.swift; path = RequestsTableViewCell.swift; sourceTree = "<group>"; };
		05029ECD1FE9381E004D96B1 /* RequestsTableViewCell.xib */ = {isa = PBXFileReference; lastKnownFileType = file.xib; path = RequestsTableViewCell.xib; sourceTree = "<group>"; };
		05029ED01FE93EC9004D96B1 /* RequestToAGiftTableViewCell.swift */ = {isa = PBXFileReference; lastKnownFileType = sourcecode.swift; path = RequestToAGiftTableViewCell.swift; sourceTree = "<group>"; };
		05029ED11FE93EC9004D96B1 /* RequestToAGiftTableViewCell.xib */ = {isa = PBXFileReference; lastKnownFileType = file.xib; path = RequestToAGiftTableViewCell.xib; sourceTree = "<group>"; };
		05029ED51FE9A683004D96B1 /* ButtonWithData.swift */ = {isa = PBXFileReference; fileEncoding = 4; lastKnownFileType = sourcecode.swift; path = ButtonWithData.swift; sourceTree = "<group>"; };
		0507C85F1F8C1A920084CDF1 /* app.app */ = {isa = PBXFileReference; explicitFileType = wrapper.application; includeInIndex = 0; path = app.app; sourceTree = BUILT_PRODUCTS_DIR; };
		0507C8621F8C1A920084CDF1 /* AppDelegate.swift */ = {isa = PBXFileReference; lastKnownFileType = sourcecode.swift; path = AppDelegate.swift; sourceTree = "<group>"; };
		0507C8641F8C1A920084CDF1 /* ViewController.swift */ = {isa = PBXFileReference; lastKnownFileType = sourcecode.swift; path = ViewController.swift; sourceTree = "<group>"; };
		0507C8671F8C1A920084CDF1 /* Base */ = {isa = PBXFileReference; lastKnownFileType = file.storyboard; name = Base; path = Base.lproj/Main.storyboard; sourceTree = "<group>"; };
		0507C8691F8C1A920084CDF1 /* Assets.xcassets */ = {isa = PBXFileReference; lastKnownFileType = folder.assetcatalog; path = Assets.xcassets; sourceTree = "<group>"; };
		0507C86C1F8C1A920084CDF1 /* Base */ = {isa = PBXFileReference; lastKnownFileType = file.storyboard; name = Base; path = Base.lproj/LaunchScreen.storyboard; sourceTree = "<group>"; };
		0507C86E1F8C1A920084CDF1 /* Info.plist */ = {isa = PBXFileReference; lastKnownFileType = text.plist.xml; path = Info.plist; sourceTree = "<group>"; };
		05335D431FD0D0A800601115 /* GiftDetailViewController.swift */ = {isa = PBXFileReference; lastKnownFileType = sourcecode.swift; path = GiftDetailViewController.swift; sourceTree = "<group>"; };
		05335D441FD0D0A800601115 /* GiftDetailViewController.xib */ = {isa = PBXFileReference; lastKnownFileType = file.xib; path = GiftDetailViewController.xib; sourceTree = "<group>"; };
		05335D481FD0DDA200601115 /* SDWebImageSource.swift */ = {isa = PBXFileReference; fileEncoding = 4; lastKnownFileType = sourcecode.swift; path = SDWebImageSource.swift; sourceTree = "<group>"; };
		054B1B471FCC29F6007570EF /* GiftTableViewCell.swift */ = {isa = PBXFileReference; lastKnownFileType = sourcecode.swift; path = GiftTableViewCell.swift; sourceTree = "<group>"; };
		054B1B481FCC29F6007570EF /* GiftTableViewCell.xib */ = {isa = PBXFileReference; lastKnownFileType = file.xib; path = GiftTableViewCell.xib; sourceTree = "<group>"; };
		054B1B4C1FCC40FF007570EF /* IRANSansMobile_Light.ttf */ = {isa = PBXFileReference; lastKnownFileType = file; path = IRANSansMobile_Light.ttf; sourceTree = "<group>"; };
		054B1B4D1FCC4100007570EF /* IRANSansMobile_Bold.ttf */ = {isa = PBXFileReference; lastKnownFileType = file; path = IRANSansMobile_Bold.ttf; sourceTree = "<group>"; };
		054B1B4E1FCC4100007570EF /* IRANSansMobile_Black.ttf */ = {isa = PBXFileReference; lastKnownFileType = file; path = IRANSansMobile_Black.ttf; sourceTree = "<group>"; };
		054B1B4F1FCC4100007570EF /* IRANSansMobile_Medium.ttf */ = {isa = PBXFileReference; lastKnownFileType = file; path = IRANSansMobile_Medium.ttf; sourceTree = "<group>"; };
		054B1B501FCC4100007570EF /* IRANSansMobile_UltraLight.ttf */ = {isa = PBXFileReference; lastKnownFileType = file; path = IRANSansMobile_UltraLight.ttf; sourceTree = "<group>"; };
		054B1B511FCC4100007570EF /* IRANSansMobile.ttf */ = {isa = PBXFileReference; lastKnownFileType = file; path = IRANSansMobile.ttf; sourceTree = "<group>"; };
		05644DB31FFEF3A500B7C853 /* ChatListTableViewCell.xib */ = {isa = PBXFileReference; fileEncoding = 4; lastKnownFileType = file.xib; path = ChatListTableViewCell.xib; sourceTree = "<group>"; };
		05644DB41FFEF3A500B7C853 /* ChatConversationTableViewCell.swift */ = {isa = PBXFileReference; fileEncoding = 4; lastKnownFileType = sourcecode.swift; path = ChatConversationTableViewCell.swift; sourceTree = "<group>"; };
		05644DB51FFEF3A500B7C853 /* OthersChatConversationTableViewCell.xib */ = {isa = PBXFileReference; fileEncoding = 4; lastKnownFileType = file.xib; path = OthersChatConversationTableViewCell.xib; sourceTree = "<group>"; };
		05644DB61FFEF3A500B7C853 /* ChatListTableViewCell.swift */ = {isa = PBXFileReference; fileEncoding = 4; lastKnownFileType = sourcecode.swift; path = ChatListTableViewCell.swift; sourceTree = "<group>"; };
		05644DB71FFEF3A500B7C853 /* ChatConversationTableViewCell.xib */ = {isa = PBXFileReference; fileEncoding = 4; lastKnownFileType = file.xib; path = ChatConversationTableViewCell.xib; sourceTree = "<group>"; };
		05644DB81FFEF3A500B7C853 /* OthersChatConversationTableViewCell.swift */ = {isa = PBXFileReference; fileEncoding = 4; lastKnownFileType = sourcecode.swift; path = OthersChatConversationTableViewCell.swift; sourceTree = "<group>"; };
		05644DBF1FFEF44A00B7C853 /* Message.swift */ = {isa = PBXFileReference; lastKnownFileType = sourcecode.swift; path = Message.swift; sourceTree = "<group>"; };
		05644DC11FFEF5CB00B7C853 /* String+widthAndHeightOfLabel.swift */ = {isa = PBXFileReference; fileEncoding = 4; lastKnownFileType = sourcecode.swift; path = "String+widthAndHeightOfLabel.swift"; sourceTree = "<group>"; };
		05644DC31FFEF62300B7C853 /* ChatAbs.swift */ = {isa = PBXFileReference; fileEncoding = 4; lastKnownFileType = sourcecode.swift; path = ChatAbs.swift; sourceTree = "<group>"; };
		05644DC51FFEFA2E00B7C853 /* DateHandler.swift */ = {isa = PBXFileReference; fileEncoding = 4; lastKnownFileType = sourcecode.swift; path = DateHandler.swift; sourceTree = "<group>"; };
		05644DC71FFF01C200B7C853 /* ChatConversationResult.swift */ = {isa = PBXFileReference; fileEncoding = 4; lastKnownFileType = sourcecode.swift; path = ChatConversationResult.swift; sourceTree = "<group>"; };
		05644DC91FFF02A000B7C853 /* UITableView+isCellVisible.swift */ = {isa = PBXFileReference; fileEncoding = 4; lastKnownFileType = sourcecode.swift; path = "UITableView+isCellVisible.swift"; sourceTree = "<group>"; };
		05644DCB1FFF06BC00B7C853 /* SectionView.swift */ = {isa = PBXFileReference; fileEncoding = 4; lastKnownFileType = sourcecode.swift; path = SectionView.swift; sourceTree = "<group>"; };
		05644DCC1FFF06BC00B7C853 /* SectionView.xib */ = {isa = PBXFileReference; fileEncoding = 4; lastKnownFileType = file.xib; path = SectionView.xib; sourceTree = "<group>"; };
		05644DCF1FFF06F900B7C853 /* NibLoader.swift */ = {isa = PBXFileReference; fileEncoding = 4; lastKnownFileType = sourcecode.swift; path = NibLoader.swift; sourceTree = "<group>"; };
		056FBB581F9135EA0023C9CF /* HomeViewController.swift */ = {isa = PBXFileReference; lastKnownFileType = sourcecode.swift; name = HomeViewController.swift; path = app/view_controllers/home/HomeViewController.swift; sourceTree = SOURCE_ROOT; };
		056FBB591F9135EA0023C9CF /* HomeViewController.xib */ = {isa = PBXFileReference; lastKnownFileType = file.xib; name = HomeViewController.xib; path = app/view_controllers/home/HomeViewController.xib; sourceTree = SOURCE_ROOT; };
		056FBB601F91585C0023C9CF /* APIURLs.swift */ = {isa = PBXFileReference; lastKnownFileType = sourcecode.swift; path = APIURLs.swift; sourceTree = "<group>"; };
		05AE646E1FA2B43000FCCC28 /* ApiOutputs.swift */ = {isa = PBXFileReference; lastKnownFileType = sourcecode.swift; path = ApiOutputs.swift; sourceTree = "<group>"; };
		05AE64721FA93F4800FCCC28 /* ApiMethods.swift */ = {isa = PBXFileReference; lastKnownFileType = sourcecode.swift; path = ApiMethods.swift; sourceTree = "<group>"; };
		05B124CB202DB056007E28CC /* latest.json */ = {isa = PBXFileReference; fileEncoding = 4; lastKnownFileType = text.json; name = latest.json; path = app/latest.json; sourceTree = "<group>"; };
		05BEA42F2049667400147BF5 /* MyKindnessWallViewController.swift */ = {isa = PBXFileReference; fileEncoding = 4; lastKnownFileType = sourcecode.swift; name = MyKindnessWallViewController.swift; path = "app/view_controllers/New Group/MyKindnessWallViewController.swift"; sourceTree = SOURCE_ROOT; };
		05BEA4302049667400147BF5 /* MyKindnessWallViewController.xib */ = {isa = PBXFileReference; fileEncoding = 4; lastKnownFileType = file.xib; name = MyKindnessWallViewController.xib; path = "app/view_controllers/New Group/MyKindnessWallViewController.xib"; sourceTree = SOURCE_ROOT; };
		05BEA43720498EB400147BF5 /* UIView+hide+show.swift */ = {isa = PBXFileReference; fileEncoding = 4; lastKnownFileType = sourcecode.swift; path = "UIView+hide+show.swift"; sourceTree = "<group>"; };
		05BEA43920498EF100147BF5 /* UIView+RegisterationHelp.swift */ = {isa = PBXFileReference; fileEncoding = 4; lastKnownFileType = sourcecode.swift; path = "UIView+RegisterationHelp.swift"; sourceTree = "<group>"; };
		05BEA43B20498F1900147BF5 /* UITableView+RegisterCell.swift */ = {isa = PBXFileReference; fileEncoding = 4; lastKnownFileType = sourcecode.swift; path = "UITableView+RegisterCell.swift"; sourceTree = "<group>"; };
		05BEA43D2049919D00147BF5 /* String+numbers.swift */ = {isa = PBXFileReference; fileEncoding = 4; lastKnownFileType = sourcecode.swift; path = "String+numbers.swift"; sourceTree = "<group>"; };
		05BEA442204C1FFA00147BF5 /* PromptUser.swift */ = {isa = PBXFileReference; fileEncoding = 4; lastKnownFileType = sourcecode.swift; path = PromptUser.swift; sourceTree = "<group>"; };
		05BEA443204C1FFA00147BF5 /* PromptUser.xib */ = {isa = PBXFileReference; fileEncoding = 4; lastKnownFileType = file.xib; path = PromptUser.xib; sourceTree = "<group>"; };
		05BEA446204C21E800147BF5 /* PopUpView.swift */ = {isa = PBXFileReference; fileEncoding = 4; lastKnownFileType = sourcecode.swift; path = PopUpView.swift; sourceTree = "<group>"; };
		05BFBBB11FDA5DBE00DBCDDF /* UIFunctions.swift */ = {isa = PBXFileReference; fileEncoding = 4; lastKnownFileType = sourcecode.swift; path = UIFunctions.swift; sourceTree = "<group>"; };
		05BFBBB41FDA654D00DBCDDF /* ActivationEnterPhoneViewController.swift */ = {isa = PBXFileReference; fileEncoding = 4; lastKnownFileType = sourcecode.swift; path = ActivationEnterPhoneViewController.swift; sourceTree = "<group>"; };
		05BFBBB51FDA654D00DBCDDF /* ActivationEnterVerifyCodeViewController.xib */ = {isa = PBXFileReference; fileEncoding = 4; lastKnownFileType = file.xib; path = ActivationEnterVerifyCodeViewController.xib; sourceTree = "<group>"; };
		05BFBBB61FDA654D00DBCDDF /* ActivationEnterPhoneViewController.xib */ = {isa = PBXFileReference; fileEncoding = 4; lastKnownFileType = file.xib; path = ActivationEnterPhoneViewController.xib; sourceTree = "<group>"; };
		05BFBBB71FDA654D00DBCDDF /* ActivationEnterVerifyCodeViewController.swift */ = {isa = PBXFileReference; fileEncoding = 4; lastKnownFileType = sourcecode.swift; path = ActivationEnterVerifyCodeViewController.swift; sourceTree = "<group>"; };
		05BFBBBC1FDA9FCE00DBCDDF /* NavigationBarStyle.swift */ = {isa = PBXFileReference; fileEncoding = 4; lastKnownFileType = sourcecode.swift; path = NavigationBarStyle.swift; sourceTree = "<group>"; };
		05BFBBBD1FDA9FCE00DBCDDF /* FlashMessage.swift */ = {isa = PBXFileReference; fileEncoding = 4; lastKnownFileType = sourcecode.swift; path = FlashMessage.swift; sourceTree = "<group>"; };
		05BFBBBE1FDA9FCE00DBCDDF /* DateHelper.swift */ = {isa = PBXFileReference; fileEncoding = 4; lastKnownFileType = sourcecode.swift; path = DateHelper.swift; sourceTree = "<group>"; };
		05BFBBC21FDAA45C00DBCDDF /* Time.swift */ = {isa = PBXFileReference; fileEncoding = 4; lastKnownFileType = sourcecode.swift; path = Time.swift; sourceTree = "<group>"; };
		05BFBBC51FDAA4B100DBCDDF /* AppEnums.swift */ = {isa = PBXFileReference; fileEncoding = 4; lastKnownFileType = sourcecode.swift; path = AppEnums.swift; sourceTree = "<group>"; };
		05BFBBC71FDAA4EF00DBCDDF /* AppColor.swift */ = {isa = PBXFileReference; fileEncoding = 4; lastKnownFileType = sourcecode.swift; path = AppColor.swift; sourceTree = "<group>"; };
		05BFBBC91FDAA53900DBCDDF /* AppFont.swift */ = {isa = PBXFileReference; fileEncoding = 4; lastKnownFileType = sourcecode.swift; path = AppFont.swift; sourceTree = "<group>"; };
		05BFBBCB1FDB101700DBCDDF /* UIFont+printAllFonts.swift */ = {isa = PBXFileReference; lastKnownFileType = sourcecode.swift; path = "UIFont+printAllFonts.swift"; sourceTree = "<group>"; };
		05BFBBCE1FE0703500DBCDDF /* RegisterGiftViewController.swift */ = {isa = PBXFileReference; lastKnownFileType = sourcecode.swift; path = RegisterGiftViewController.swift; sourceTree = "<group>"; };
		05BFBBCF1FE0703500DBCDDF /* RegisterGiftViewController.xib */ = {isa = PBXFileReference; lastKnownFileType = file.xib; path = RegisterGiftViewController.xib; sourceTree = "<group>"; };
		05BFBBD21FE1C4EE00DBCDDF /* RequestsViewController.swift */ = {isa = PBXFileReference; lastKnownFileType = sourcecode.swift; path = RequestsViewController.swift; sourceTree = "<group>"; };
		05BFBBD31FE1C4EE00DBCDDF /* RequestsViewController.xib */ = {isa = PBXFileReference; lastKnownFileType = file.xib; path = RequestsViewController.xib; sourceTree = "<group>"; };
		05BFBBD61FE1D6FE00DBCDDF /* String+isNumber.swift */ = {isa = PBXFileReference; lastKnownFileType = sourcecode.swift; path = "String+isNumber.swift"; sourceTree = "<group>"; };
		05BFBBD81FE24C4D00DBCDDF /* AppConstants.swift */ = {isa = PBXFileReference; lastKnownFileType = sourcecode.swift; path = AppConstants.swift; sourceTree = "<group>"; };
		05BFBBDA1FE24C6E00DBCDDF /* TabIndex.swift */ = {isa = PBXFileReference; lastKnownFileType = sourcecode.swift; path = TabIndex.swift; sourceTree = "<group>"; };
		05BFBBDD1FE26A9000DBCDDF /* Gift.swift */ = {isa = PBXFileReference; lastKnownFileType = sourcecode.swift; path = Gift.swift; sourceTree = "<group>"; };
		05BFBBDF1FE26ADE00DBCDDF /* User.swift */ = {isa = PBXFileReference; lastKnownFileType = sourcecode.swift; path = User.swift; sourceTree = "<group>"; };
		05BFBBE11FE26B0500DBCDDF /* Category.swift */ = {isa = PBXFileReference; lastKnownFileType = sourcecode.swift; path = Category.swift; sourceTree = "<group>"; };
		05BFBBE31FE26B4C00DBCDDF /* Request.swift */ = {isa = PBXFileReference; lastKnownFileType = sourcecode.swift; path = Request.swift; sourceTree = "<group>"; };
		05BFBBEB1FE29F7C00DBCDDF /* IntroViewController.swift */ = {isa = PBXFileReference; fileEncoding = 4; lastKnownFileType = sourcecode.swift; path = IntroViewController.swift; sourceTree = "<group>"; };
		05DDD3DF1F921DCD006C5E31 /* ApiInput.swift */ = {isa = PBXFileReference; lastKnownFileType = sourcecode.swift; path = ApiInput.swift; sourceTree = "<group>"; };
		05DDD3E11F921E98006C5E31 /* ResponseModel.swift */ = {isa = PBXFileReference; fileEncoding = 4; lastKnownFileType = sourcecode.swift; path = ResponseModel.swift; sourceTree = "<group>"; };
		05DDD3E31F921F19006C5E31 /* APIRequest.swift */ = {isa = PBXFileReference; fileEncoding = 4; lastKnownFileType = sourcecode.swift; path = APIRequest.swift; sourceTree = "<group>"; };
		05F6AA4F1FFEEB8C00CDABC2 /* ChatConversationViewController.xib */ = {isa = PBXFileReference; fileEncoding = 4; lastKnownFileType = file.xib; path = ChatConversationViewController.xib; sourceTree = "<group>"; };
		05F6AA501FFEEB8C00CDABC2 /* ChatListTableViewController.swift */ = {isa = PBXFileReference; fileEncoding = 4; lastKnownFileType = sourcecode.swift; path = ChatListTableViewController.swift; sourceTree = "<group>"; };
		05F6AA511FFEEB8D00CDABC2 /* ChatConversationViewController.swift */ = {isa = PBXFileReference; fileEncoding = 4; lastKnownFileType = sourcecode.swift; path = ChatConversationViewController.swift; sourceTree = "<group>"; };
		05F6AA521FFEEB8D00CDABC2 /* ChatListTableViewController.xib */ = {isa = PBXFileReference; fileEncoding = 4; lastKnownFileType = file.xib; path = ChatListTableViewController.xib; sourceTree = "<group>"; };
		34176770A2B90CD712426CA0 /* Pods-app.release.xcconfig */ = {isa = PBXFileReference; includeInIndex = 1; lastKnownFileType = text.xcconfig; name = "Pods-app.release.xcconfig"; path = "Pods/Target Support Files/Pods-app/Pods-app.release.xcconfig"; sourceTree = "<group>"; };
		6009DB93212D6FE5002FD769 /* ContactUsViewController.swift */ = {isa = PBXFileReference; lastKnownFileType = sourcecode.swift; path = ContactUsViewController.swift; sourceTree = "<group>"; };
		6009DB94212D6FE5002FD769 /* ContactUsViewController.xib */ = {isa = PBXFileReference; lastKnownFileType = file.xib; path = ContactUsViewController.xib; sourceTree = "<group>"; };
		6009DB972130922C002FD769 /* StatisticViewController.swift */ = {isa = PBXFileReference; lastKnownFileType = sourcecode.swift; path = StatisticViewController.swift; sourceTree = "<group>"; };
		6009DB982130922C002FD769 /* StatisticViewController.xib */ = {isa = PBXFileReference; lastKnownFileType = file.xib; path = StatisticViewController.xib; sourceTree = "<group>"; };
		6009DB9B2130931C002FD769 /* StatisticTableViewCell.swift */ = {isa = PBXFileReference; lastKnownFileType = sourcecode.swift; path = StatisticTableViewCell.swift; sourceTree = "<group>"; };
		6009DB9C2130931C002FD769 /* StatisticTableViewCell.xib */ = {isa = PBXFileReference; lastKnownFileType = file.xib; path = StatisticTableViewCell.xib; sourceTree = "<group>"; };
		6009DB9F2130A385002FD769 /* Statistics.swift */ = {isa = PBXFileReference; lastKnownFileType = sourcecode.swift; path = Statistics.swift; sourceTree = "<group>"; };
		601F83C22036A36400F9118B /* DateStatusListViewModel.swift */ = {isa = PBXFileReference; lastKnownFileType = sourcecode.swift; path = DateStatusListViewModel.swift; sourceTree = "<group>"; };
		601F83CC2036A50600F9118B /* GenericOptionsTableViewCell.swift */ = {isa = PBXFileReference; fileEncoding = 4; lastKnownFileType = sourcecode.swift; path = GenericOptionsTableViewCell.swift; sourceTree = "<group>"; };
		601F83CD2036A50600F9118B /* GenericOptionsTableViewCell.xib */ = {isa = PBXFileReference; fileEncoding = 4; lastKnownFileType = file.xib; path = GenericOptionsTableViewCell.xib; sourceTree = "<group>"; };
		601F83D02036A8BE00F9118B /* DateStatus.swift */ = {isa = PBXFileReference; lastKnownFileType = sourcecode.swift; path = DateStatus.swift; sourceTree = "<group>"; };
		601F83D22037367900F9118B /* Place.swift */ = {isa = PBXFileReference; lastKnownFileType = sourcecode.swift; path = Place.swift; sourceTree = "<group>"; };
		601F83D420373E9E00F9118B /* PlaceListViewModel.swift */ = {isa = PBXFileReference; lastKnownFileType = sourcecode.swift; path = PlaceListViewModel.swift; sourceTree = "<group>"; };
		601F83D6203C3CD400F9118B /* ImageUpload.swift */ = {isa = PBXFileReference; lastKnownFileType = sourcecode.swift; path = ImageUpload.swift; sourceTree = "<group>"; };
		602BC8F52034B7BE00ECF6E2 /* UploadImageView.swift */ = {isa = PBXFileReference; lastKnownFileType = sourcecode.swift; path = UploadImageView.swift; sourceTree = "<group>"; };
		602BC8F72034B7CC00ECF6E2 /* UploadImageView.xib */ = {isa = PBXFileReference; lastKnownFileType = file.xib; path = UploadImageView.xib; sourceTree = "<group>"; };
		60302DDE2068FC7E0025D397 /* PopUpViewController.swift */ = {isa = PBXFileReference; lastKnownFileType = sourcecode.swift; path = PopUpViewController.swift; sourceTree = "<group>"; };
		60302DDF2068FC7E0025D397 /* PopUpViewController.xib */ = {isa = PBXFileReference; lastKnownFileType = file.xib; path = PopUpViewController.xib; sourceTree = "<group>"; };
		60302DE22069018C0025D397 /* PopUpMessage.swift */ = {isa = PBXFileReference; lastKnownFileType = sourcecode.swift; path = PopUpMessage.swift; sourceTree = "<group>"; };
		6032F61B205287ED00975C23 /* LoadingIndicator.swift */ = {isa = PBXFileReference; fileEncoding = 4; lastKnownFileType = sourcecode.swift; path = LoadingIndicator.swift; sourceTree = "<group>"; };
		6040F3A2206688A800FCD429 /* APIEmptyInput.swift */ = {isa = PBXFileReference; lastKnownFileType = sourcecode.swift; path = APIEmptyInput.swift; sourceTree = "<group>"; };
		60861153206E3E2C000A42E5 /* UINavigationBar + config.swift */ = {isa = PBXFileReference; lastKnownFileType = sourcecode.swift; path = "UINavigationBar + config.swift"; sourceTree = "<group>"; };
		60861155206E50CD000A42E5 /* AppLanguage.swift */ = {isa = PBXFileReference; lastKnownFileType = sourcecode.swift; path = AppLanguage.swift; sourceTree = "<group>"; };
		6092D631204950F700AFDA7B /* MyGiftsViewController.swift */ = {isa = PBXFileReference; lastKnownFileType = sourcecode.swift; path = MyGiftsViewController.swift; sourceTree = "<group>"; };
		6092D632204950F700AFDA7B /* MyGiftsViewController.xib */ = {isa = PBXFileReference; lastKnownFileType = file.xib; path = MyGiftsViewController.xib; sourceTree = "<group>"; };
		60AE9C7F202DB7F800F246CD /* OptionsListViewController.xib */ = {isa = PBXFileReference; lastKnownFileType = file.xib; path = OptionsListViewController.xib; sourceTree = "<group>"; };
		60AE9C85202DB9B100F246CD /* CategoryListViewModel.swift */ = {isa = PBXFileReference; lastKnownFileType = sourcecode.swift; path = CategoryListViewModel.swift; sourceTree = "<group>"; };
		60AE9C87202DE87100F246CD /* OptionsListViewController.swift */ = {isa = PBXFileReference; fileEncoding = 4; lastKnownFileType = sourcecode.swift; path = OptionsListViewController.swift; sourceTree = "<group>"; };
		60AE9C8F202DF97100F246CD /* CategoryOptionsTableViewCell.swift */ = {isa = PBXFileReference; lastKnownFileType = sourcecode.swift; path = CategoryOptionsTableViewCell.swift; sourceTree = "<group>"; };
		60AE9C90202DF97100F246CD /* CategoryOptionsTableViewCell.xib */ = {isa = PBXFileReference; lastKnownFileType = file.xib; path = CategoryOptionsTableViewCell.xib; sourceTree = "<group>"; };
		60AE9C93202DFB6A00F246CD /* UITableView+RegisterNib.swift */ = {isa = PBXFileReference; lastKnownFileType = sourcecode.swift; path = "UITableView+RegisterNib.swift"; sourceTree = "<group>"; };
		60FAB83820642AB80039BF61 /* UINavigationItem + config.swift */ = {isa = PBXFileReference; lastKnownFileType = sourcecode.swift; path = "UINavigationItem + config.swift"; sourceTree = "<group>"; };
		60FAB83B2064320E0039BF61 /* Request Inputs.swift */ = {isa = PBXFileReference; lastKnownFileType = sourcecode.swift; path = "Request Inputs.swift"; sourceTree = "<group>"; };
		60FAB83D2064DBE10039BF61 /* APICall.swift */ = {isa = PBXFileReference; lastKnownFileType = sourcecode.swift; path = APICall.swift; sourceTree = "<group>"; };
		60FAB83F2064EE950039BF61 /* RGVC + uploading images.swift */ = {isa = PBXFileReference; lastKnownFileType = sourcecode.swift; path = "RGVC + uploading images.swift"; sourceTree = "<group>"; };
		60FAB842206503AE0039BF61 /* Stored Models.swift */ = {isa = PBXFileReference; lastKnownFileType = sourcecode.swift; path = "Stored Models.swift"; sourceTree = "<group>"; };
		60FAB844206571340039BF61 /* icomoon.ttf */ = {isa = PBXFileReference; lastKnownFileType = file; name = icomoon.ttf; path = icomoon/fonts/icomoon.ttf; sourceTree = "<group>"; };
		A4C277763F780436B62AC383 /* Pods_app.framework */ = {isa = PBXFileReference; explicitFileType = wrapper.framework; includeInIndex = 0; path = Pods_app.framework; sourceTree = BUILT_PRODUCTS_DIR; };
/* End PBXFileReference section */

/* Begin PBXFrameworksBuildPhase section */
		0507C85C1F8C1A920084CDF1 /* Frameworks */ = {
			isa = PBXFrameworksBuildPhase;
			buildActionMask = 2147483647;
			files = (
				F7BCA4F8A441C01D89E9B782 /* Pods_app.framework in Frameworks */,
			);
			runOnlyForDeploymentPostprocessing = 0;
		};
/* End PBXFrameworksBuildPhase section */

/* Begin PBXGroup section */
		05029EC71FE33498004D96B1 /* requests */ = {
			isa = PBXGroup;
			children = (
				05BFBBD21FE1C4EE00DBCDDF /* RequestsViewController.swift */,
				05BFBBD31FE1C4EE00DBCDDF /* RequestsViewController.xib */,
				05029EC81FE334C5004D96B1 /* RequestToAGiftViewController.swift */,
				05029EC91FE334C5004D96B1 /* RequestToAGiftViewController.xib */,
			);
			path = requests;
			sourceTree = "<group>";
		};
		05029ED41FE9A663004D96B1 /* custom_classes */ = {
			isa = PBXGroup;
			children = (
				05029ED51FE9A683004D96B1 /* ButtonWithData.swift */,
			);
			path = custom_classes;
			sourceTree = "<group>";
		};
		0507C8561F8C1A920084CDF1 = {
			isa = PBXGroup;
			children = (
				05B124CB202DB056007E28CC /* latest.json */,
				0507C8611F8C1A920084CDF1 /* app */,
				0507C8601F8C1A920084CDF1 /* Products */,
				482B016E22AF1A4438DA8383 /* Pods */,
				25DFDC1FF039F0C732878131 /* Frameworks */,
			);
			sourceTree = "<group>";
		};
		0507C8601F8C1A920084CDF1 /* Products */ = {
			isa = PBXGroup;
			children = (
				0507C85F1F8C1A920084CDF1 /* app.app */,
			);
			name = Products;
			sourceTree = "<group>";
		};
		0507C8611F8C1A920084CDF1 /* app */ = {
			isa = PBXGroup;
			children = (
				05029ED41FE9A663004D96B1 /* custom_classes */,
				05BFBBCD1FDB112800DBCDDF /* extenstions */,
				05BFBBC41FDAA49E00DBCDDF /* app */,
				05335D471FD0DD7A00601115 /* helper */,
				60AE9C82202DB96200F246CD /* view_models */,
				05335D421FD0D05C00601115 /* view_controllers */,
				054B1B461FCC29B3007570EF /* views */,
				054B1B581FCC44E3007570EF /* models */,
				054B1B4B1FCC3B60007570EF /* fonts */,
				05DDD3DC1F921D03006C5E31 /* api */,
				0507C8691F8C1A920084CDF1 /* Assets.xcassets */,
				0507C86E1F8C1A920084CDF1 /* Info.plist */,
				0507C8621F8C1A920084CDF1 /* AppDelegate.swift */,
				0507C8641F8C1A920084CDF1 /* ViewController.swift */,
				0507C8661F8C1A920084CDF1 /* Main.storyboard */,
				0507C86B1F8C1A920084CDF1 /* LaunchScreen.storyboard */,
			);
			path = app;
			sourceTree = "<group>";
		};
		05335D421FD0D05C00601115 /* view_controllers */ = {
			isa = PBXGroup;
			children = (
				60302DE4206953670025D397 /* PopUpViewController */,
				05BEA441204BFBAB00147BF5 /* my kindnesswall */,
				05BEA43620497B2200147BF5 /* register gift */,
				05BEA43520497B0A00147BF5 /* gift detail */,
				05BEA43420497AF100147BF5 /* home */,
				05BEA43320497AD500147BF5 /* my gifts */,
				05644DD12000203500B7C853 /* chat */,
				05029EC71FE33498004D96B1 /* requests */,
				05BFBBB31FDA653400DBCDDF /* login */,
				05BFBBEB1FE29F7C00DBCDDF /* IntroViewController.swift */,
				60AE9C7F202DB7F800F246CD /* OptionsListViewController.xib */,
				60AE9C87202DE87100F246CD /* OptionsListViewController.swift */,
			);
			path = view_controllers;
			sourceTree = "<group>";
		};
		05335D471FD0DD7A00601115 /* helper */ = {
			isa = PBXGroup;
			children = (
				05644DCF1FFF06F900B7C853 /* NibLoader.swift */,
				6032F61B205287ED00975C23 /* LoadingIndicator.swift */,
				05644DC51FFEFA2E00B7C853 /* DateHandler.swift */,
				05BFBBBE1FDA9FCE00DBCDDF /* DateHelper.swift */,
				05BFBBBD1FDA9FCE00DBCDDF /* FlashMessage.swift */,
				05BFBBBC1FDA9FCE00DBCDDF /* NavigationBarStyle.swift */,
				05BFBBB11FDA5DBE00DBCDDF /* UIFunctions.swift */,
				05335D481FD0DDA200601115 /* SDWebImageSource.swift */,
			);
			path = helper;
			sourceTree = "<group>";
		};
		054B1B461FCC29B3007570EF /* views */ = {
			isa = PBXGroup;
			children = (
				60AE9C95202E00BB00F246CD /* View */,
				60AE9C89202DF7AB00F246CD /* TableViewCell */,
			);
			path = views;
			sourceTree = "<group>";
		};
		054B1B4B1FCC3B60007570EF /* fonts */ = {
			isa = PBXGroup;
			children = (
				60FAB844206571340039BF61 /* icomoon.ttf */,
				054B1B4E1FCC4100007570EF /* IRANSansMobile_Black.ttf */,
				054B1B4D1FCC4100007570EF /* IRANSansMobile_Bold.ttf */,
				054B1B4C1FCC40FF007570EF /* IRANSansMobile_Light.ttf */,
				054B1B4F1FCC4100007570EF /* IRANSansMobile_Medium.ttf */,
				054B1B501FCC4100007570EF /* IRANSansMobile_UltraLight.ttf */,
				054B1B511FCC4100007570EF /* IRANSansMobile.ttf */,
			);
			path = fonts;
			sourceTree = "<group>";
		};
		054B1B581FCC44E3007570EF /* models */ = {
			isa = PBXGroup;
			children = (
				60FAB841206503790039BF61 /* User Default Stored Models */,
				60FAB83A206431EA0039BF61 /* Request IO */,
				05644DC31FFEF62300B7C853 /* ChatAbs.swift */,
				05BFBBC21FDAA45C00DBCDDF /* Time.swift */,
				05BFBBDD1FE26A9000DBCDDF /* Gift.swift */,
				05BFBBDF1FE26ADE00DBCDDF /* User.swift */,
				05BFBBE11FE26B0500DBCDDF /* Category.swift */,
				05BFBBE31FE26B4C00DBCDDF /* Request.swift */,
				05644DBF1FFEF44A00B7C853 /* Message.swift */,
				601F83D02036A8BE00F9118B /* DateStatus.swift */,
				601F83D22037367900F9118B /* Place.swift */,
				601F83D6203C3CD400F9118B /* ImageUpload.swift */,
				6009DB9F2130A385002FD769 /* Statistics.swift */,
			);
			path = models;
			sourceTree = "<group>";
		};
		05644DD12000203500B7C853 /* chat */ = {
			isa = PBXGroup;
			children = (
				05F6AA511FFEEB8D00CDABC2 /* ChatConversationViewController.swift */,
				05F6AA4F1FFEEB8C00CDABC2 /* ChatConversationViewController.xib */,
				05F6AA501FFEEB8C00CDABC2 /* ChatListTableViewController.swift */,
				05F6AA521FFEEB8D00CDABC2 /* ChatListTableViewController.xib */,
			);
			path = chat;
			sourceTree = "<group>";
		};
		05BEA43320497AD500147BF5 /* my gifts */ = {
			isa = PBXGroup;
			children = (
				6092D631204950F700AFDA7B /* MyGiftsViewController.swift */,
				6092D632204950F700AFDA7B /* MyGiftsViewController.xib */,
			);
			path = "my gifts";
			sourceTree = "<group>";
		};
		05BEA43420497AF100147BF5 /* home */ = {
			isa = PBXGroup;
			children = (
				056FBB581F9135EA0023C9CF /* HomeViewController.swift */,
				056FBB591F9135EA0023C9CF /* HomeViewController.xib */,
			);
			path = home;
			sourceTree = "<group>";
		};
		05BEA43520497B0A00147BF5 /* gift detail */ = {
			isa = PBXGroup;
			children = (
				05335D431FD0D0A800601115 /* GiftDetailViewController.swift */,
				05335D441FD0D0A800601115 /* GiftDetailViewController.xib */,
			);
			path = "gift detail";
			sourceTree = "<group>";
		};
		05BEA43620497B2200147BF5 /* register gift */ = {
			isa = PBXGroup;
			children = (
				05BFBBCF1FE0703500DBCDDF /* RegisterGiftViewController.xib */,
				05BFBBCE1FE0703500DBCDDF /* RegisterGiftViewController.swift */,
				60FAB83F2064EE950039BF61 /* RGVC + uploading images.swift */,
			);
			path = "register gift";
			sourceTree = "<group>";
		};
		05BEA441204BFBAB00147BF5 /* my kindnesswall */ = {
			isa = PBXGroup;
			children = (
				05BEA42F2049667400147BF5 /* MyKindnessWallViewController.swift */,
				05BEA4302049667400147BF5 /* MyKindnessWallViewController.xib */,
				6009DB93212D6FE5002FD769 /* ContactUsViewController.swift */,
				6009DB94212D6FE5002FD769 /* ContactUsViewController.xib */,
				6009DB972130922C002FD769 /* StatisticViewController.swift */,
				6009DB982130922C002FD769 /* StatisticViewController.xib */,
			);
			name = "my kindnesswall";
			path = "New Group";
			sourceTree = "<group>";
		};
		05BFBBB31FDA653400DBCDDF /* login */ = {
			isa = PBXGroup;
			children = (
				05BFBBB41FDA654D00DBCDDF /* ActivationEnterPhoneViewController.swift */,
				05BFBBB61FDA654D00DBCDDF /* ActivationEnterPhoneViewController.xib */,
				05BFBBB71FDA654D00DBCDDF /* ActivationEnterVerifyCodeViewController.swift */,
				05BFBBB51FDA654D00DBCDDF /* ActivationEnterVerifyCodeViewController.xib */,
			);
			path = login;
			sourceTree = "<group>";
		};
		05BFBBC41FDAA49E00DBCDDF /* app */ = {
			isa = PBXGroup;
			children = (
				60861155206E50CD000A42E5 /* AppLanguage.swift */,
				05BFBBC91FDAA53900DBCDDF /* AppFont.swift */,
				05BFBBC71FDAA4EF00DBCDDF /* AppColor.swift */,
				05BFBBC51FDAA4B100DBCDDF /* AppEnums.swift */,
				05BFBBD81FE24C4D00DBCDDF /* AppConstants.swift */,
				05BFBBDA1FE24C6E00DBCDDF /* TabIndex.swift */,
			);
			path = app;
			sourceTree = "<group>";
		};
		05BFBBCD1FDB112800DBCDDF /* extenstions */ = {
			isa = PBXGroup;
			children = (
				05BEA43D2049919D00147BF5 /* String+numbers.swift */,
				60FAB83820642AB80039BF61 /* UINavigationItem + config.swift */,
				60861153206E3E2C000A42E5 /* UINavigationBar + config.swift */,
				05BEA43B20498F1900147BF5 /* UITableView+RegisterCell.swift */,
				05BEA43920498EF100147BF5 /* UIView+RegisterationHelp.swift */,
				05BEA43720498EB400147BF5 /* UIView+hide+show.swift */,
				05644DC91FFF02A000B7C853 /* UITableView+isCellVisible.swift */,
				60AE9C93202DFB6A00F246CD /* UITableView+RegisterNib.swift */,
				05644DC11FFEF5CB00B7C853 /* String+widthAndHeightOfLabel.swift */,
				05029EB91FE2BF8F004D96B1 /* AppDelegate+getMe.swift */,
				05BFBBCB1FDB101700DBCDDF /* UIFont+printAllFonts.swift */,
				05BFBBD61FE1D6FE00DBCDDF /* String+isNumber.swift */,
			);
			path = extenstions;
			sourceTree = "<group>";
		};
		05BFBBDC1FE26A3300DBCDDF /* api_output */ = {
			isa = PBXGroup;
			children = (
				05644DC71FFF01C200B7C853 /* ChatConversationResult.swift */,
				05AE646E1FA2B43000FCCC28 /* ApiOutputs.swift */,
			);
			path = api_output;
			sourceTree = "<group>";
		};
		05DDD3DC1F921D03006C5E31 /* api */ = {
			isa = PBXGroup;
			children = (
				05BFBBDC1FE26A3300DBCDDF /* api_output */,
				05DDD3E31F921F19006C5E31 /* APIRequest.swift */,
				05DDD3E11F921E98006C5E31 /* ResponseModel.swift */,
				6040F3A2206688A800FCD429 /* APIEmptyInput.swift */,
				056FBB601F91585C0023C9CF /* APIURLs.swift */,
				05DDD3DF1F921DCD006C5E31 /* ApiInput.swift */,
				05AE64721FA93F4800FCCC28 /* ApiMethods.swift */,
				60FAB83D2064DBE10039BF61 /* APICall.swift */,
			);
			path = api;
			sourceTree = "<group>";
		};
		25DFDC1FF039F0C732878131 /* Frameworks */ = {
			isa = PBXGroup;
			children = (
				A4C277763F780436B62AC383 /* Pods_app.framework */,
			);
			name = Frameworks;
			sourceTree = "<group>";
		};
		482B016E22AF1A4438DA8383 /* Pods */ = {
			isa = PBXGroup;
			children = (
				006A9055ED7D4288198332F6 /* Pods-app.debug.xcconfig */,
				34176770A2B90CD712426CA0 /* Pods-app.release.xcconfig */,
			);
			name = Pods;
			sourceTree = "<group>";
		};
		60302DE4206953670025D397 /* PopUpViewController */ = {
			isa = PBXGroup;
			children = (
				60302DE22069018C0025D397 /* PopUpMessage.swift */,
				05BEA446204C21E800147BF5 /* PopUpView.swift */,
				60302DDE2068FC7E0025D397 /* PopUpViewController.swift */,
				60302DDF2068FC7E0025D397 /* PopUpViewController.xib */,
			);
			path = PopUpViewController;
			sourceTree = "<group>";
		};
		60AE9C82202DB96200F246CD /* view_models */ = {
			isa = PBXGroup;
			children = (
				60AE9C85202DB9B100F246CD /* CategoryListViewModel.swift */,
				601F83C22036A36400F9118B /* DateStatusListViewModel.swift */,
				601F83D420373E9E00F9118B /* PlaceListViewModel.swift */,
			);
			path = view_models;
			sourceTree = "<group>";
		};
		60AE9C89202DF7AB00F246CD /* TableViewCell */ = {
			isa = PBXGroup;
			children = (
				05029ED01FE93EC9004D96B1 /* RequestToAGiftTableViewCell.swift */,
				05029ED11FE93EC9004D96B1 /* RequestToAGiftTableViewCell.xib */,
				05029ECC1FE9381E004D96B1 /* RequestsTableViewCell.swift */,
				05029ECD1FE9381E004D96B1 /* RequestsTableViewCell.xib */,
				054B1B471FCC29F6007570EF /* GiftTableViewCell.swift */,
				054B1B481FCC29F6007570EF /* GiftTableViewCell.xib */,
				05644DB81FFEF3A500B7C853 /* OthersChatConversationTableViewCell.swift */,
				05644DB51FFEF3A500B7C853 /* OthersChatConversationTableViewCell.xib */,
				05644DB61FFEF3A500B7C853 /* ChatListTableViewCell.swift */,
				05644DB31FFEF3A500B7C853 /* ChatListTableViewCell.xib */,
				05644DB41FFEF3A500B7C853 /* ChatConversationTableViewCell.swift */,
				05644DB71FFEF3A500B7C853 /* ChatConversationTableViewCell.xib */,
				60AE9C8F202DF97100F246CD /* CategoryOptionsTableViewCell.swift */,
				60AE9C90202DF97100F246CD /* CategoryOptionsTableViewCell.xib */,
				601F83CC2036A50600F9118B /* GenericOptionsTableViewCell.swift */,
				601F83CD2036A50600F9118B /* GenericOptionsTableViewCell.xib */,
				6009DB9B2130931C002FD769 /* StatisticTableViewCell.swift */,
				6009DB9C2130931C002FD769 /* StatisticTableViewCell.xib */,
			);
			path = TableViewCell;
			sourceTree = "<group>";
		};
		60AE9C95202E00BB00F246CD /* View */ = {
			isa = PBXGroup;
			children = (
				05BEA442204C1FFA00147BF5 /* PromptUser.swift */,
				05BEA443204C1FFA00147BF5 /* PromptUser.xib */,
				05644DCB1FFF06BC00B7C853 /* SectionView.swift */,
				05644DCC1FFF06BC00B7C853 /* SectionView.xib */,
				602BC8F52034B7BE00ECF6E2 /* UploadImageView.swift */,
				602BC8F72034B7CC00ECF6E2 /* UploadImageView.xib */,
			);
			path = View;
			sourceTree = "<group>";
		};
		60FAB83A206431EA0039BF61 /* Request IO */ = {
			isa = PBXGroup;
			children = (
				60FAB83B2064320E0039BF61 /* Request Inputs.swift */,
			);
			path = "Request IO";
			sourceTree = "<group>";
		};
		60FAB841206503790039BF61 /* User Default Stored Models */ = {
			isa = PBXGroup;
			children = (
				60FAB842206503AE0039BF61 /* Stored Models.swift */,
			);
			path = "User Default Stored Models";
			sourceTree = "<group>";
		};
/* End PBXGroup section */

/* Begin PBXNativeTarget section */
		0507C85E1F8C1A920084CDF1 /* app */ = {
			isa = PBXNativeTarget;
			buildConfigurationList = 0507C8711F8C1A920084CDF1 /* Build configuration list for PBXNativeTarget "app" */;
			buildPhases = (
				1ACCC8F032A438A3510BB749 /* [CP] Check Pods Manifest.lock */,
				0507C85B1F8C1A920084CDF1 /* Sources */,
				0507C85C1F8C1A920084CDF1 /* Frameworks */,
				0507C85D1F8C1A920084CDF1 /* Resources */,
				4F2C17FB1F8C5E4205EA5192 /* [CP] Embed Pods Frameworks */,
			);
			buildRules = (
			);
			dependencies = (
			);
			name = app;
			productName = app;
			productReference = 0507C85F1F8C1A920084CDF1 /* app.app */;
			productType = "com.apple.product-type.application";
		};
/* End PBXNativeTarget section */

/* Begin PBXProject section */
		0507C8571F8C1A920084CDF1 /* Project object */ = {
			isa = PBXProject;
			attributes = {
				LastSwiftUpdateCheck = 0900;
				LastUpgradeCheck = 0900;
				ORGANIZATIONNAME = Hamed.Gh;
				TargetAttributes = {
					0507C85E1F8C1A920084CDF1 = {
						CreatedOnToolsVersion = 9.0;
						ProvisioningStyle = Automatic;
					};
				};
			};
			buildConfigurationList = 0507C85A1F8C1A920084CDF1 /* Build configuration list for PBXProject "app" */;
			compatibilityVersion = "Xcode 8.0";
			developmentRegion = en;
			hasScannedForEncodings = 0;
			knownRegions = (
				en,
				Base,
			);
			mainGroup = 0507C8561F8C1A920084CDF1;
			productRefGroup = 0507C8601F8C1A920084CDF1 /* Products */;
			projectDirPath = "";
			projectRoot = "";
			targets = (
				0507C85E1F8C1A920084CDF1 /* app */,
			);
		};
/* End PBXProject section */

/* Begin PBXResourcesBuildPhase section */
		0507C85D1F8C1A920084CDF1 /* Resources */ = {
			isa = PBXResourcesBuildPhase;
			buildActionMask = 2147483647;
			files = (
				601F83CF2036A50600F9118B /* GenericOptionsTableViewCell.xib in Resources */,
				05644DCE1FFF06BD00B7C853 /* SectionView.xib in Resources */,
				0507C86D1F8C1A920084CDF1 /* LaunchScreen.storyboard in Resources */,
				054B1B4A1FCC29F6007570EF /* GiftTableViewCell.xib in Resources */,
				05644DBD1FFEF3A500B7C853 /* ChatConversationTableViewCell.xib in Resources */,
				05029ECF1FE9381E004D96B1 /* RequestsTableViewCell.xib in Resources */,
				602BC8F82034B7CC00ECF6E2 /* UploadImageView.xib in Resources */,
				054B1B531FCC4101007570EF /* IRANSansMobile_Bold.ttf in Resources */,
				60AE9C81202DB7F800F246CD /* OptionsListViewController.xib in Resources */,
				054B1B561FCC4101007570EF /* IRANSansMobile_UltraLight.ttf in Resources */,
				05BEA4322049667500147BF5 /* MyKindnessWallViewController.xib in Resources */,
				60302DE12068FC7E0025D397 /* PopUpViewController.xib in Resources */,
				05029ED31FE93EC9004D96B1 /* RequestToAGiftTableViewCell.xib in Resources */,
				6092D634204950F700AFDA7B /* MyGiftsViewController.xib in Resources */,
				054B1B571FCC4101007570EF /* IRANSansMobile.ttf in Resources */,
				05644DB91FFEF3A500B7C853 /* ChatListTableViewCell.xib in Resources */,
				054B1B541FCC4101007570EF /* IRANSansMobile_Black.ttf in Resources */,
				05029ECB1FE334C5004D96B1 /* RequestToAGiftViewController.xib in Resources */,
				60FAB845206571340039BF61 /* icomoon.ttf in Resources */,
				0507C86A1F8C1A920084CDF1 /* Assets.xcassets in Resources */,
				0507C8681F8C1A920084CDF1 /* Main.storyboard in Resources */,
				05F6AA531FFEEB8D00CDABC2 /* ChatConversationViewController.xib in Resources */,
				6009DB9A2130922C002FD769 /* StatisticViewController.xib in Resources */,
				05BFBBBA1FDA654D00DBCDDF /* ActivationEnterPhoneViewController.xib in Resources */,
				05BEA445204C1FFA00147BF5 /* PromptUser.xib in Resources */,
				05BFBBB91FDA654D00DBCDDF /* ActivationEnterVerifyCodeViewController.xib in Resources */,
				60AE9C92202DF97100F246CD /* CategoryOptionsTableViewCell.xib in Resources */,
				054B1B521FCC4101007570EF /* IRANSansMobile_Light.ttf in Resources */,
				6009DB96212D6FE5002FD769 /* ContactUsViewController.xib in Resources */,
				05BFBBD51FE1C4EE00DBCDDF /* RequestsViewController.xib in Resources */,
				05F6AA561FFEEB8D00CDABC2 /* ChatListTableViewController.xib in Resources */,
				05644DBB1FFEF3A500B7C853 /* OthersChatConversationTableViewCell.xib in Resources */,
				6009DB9E2130931C002FD769 /* StatisticTableViewCell.xib in Resources */,
				054B1B551FCC4101007570EF /* IRANSansMobile_Medium.ttf in Resources */,
				05B124CC202DB056007E28CC /* latest.json in Resources */,
				05BFBBD11FE0703500DBCDDF /* RegisterGiftViewController.xib in Resources */,
				056FBB5B1F9135EA0023C9CF /* HomeViewController.xib in Resources */,
				05335D461FD0D0A800601115 /* GiftDetailViewController.xib in Resources */,
			);
			runOnlyForDeploymentPostprocessing = 0;
		};
/* End PBXResourcesBuildPhase section */

/* Begin PBXShellScriptBuildPhase section */
		1ACCC8F032A438A3510BB749 /* [CP] Check Pods Manifest.lock */ = {
			isa = PBXShellScriptBuildPhase;
			buildActionMask = 2147483647;
			files = (
			);
			inputPaths = (
				"${PODS_PODFILE_DIR_PATH}/Podfile.lock",
				"${PODS_ROOT}/Manifest.lock",
			);
			name = "[CP] Check Pods Manifest.lock";
			outputPaths = (
				"$(DERIVED_FILE_DIR)/Pods-app-checkManifestLockResult.txt",
			);
			runOnlyForDeploymentPostprocessing = 0;
			shellPath = /bin/sh;
			shellScript = "diff \"${PODS_PODFILE_DIR_PATH}/Podfile.lock\" \"${PODS_ROOT}/Manifest.lock\" > /dev/null\nif [ $? != 0 ] ; then\n    # print error to STDERR\n    echo \"error: The sandbox is not in sync with the Podfile.lock. Run 'pod install' or update your CocoaPods installation.\" >&2\n    exit 1\nfi\n# This output is used by Xcode 'outputs' to avoid re-running this script phase.\necho \"SUCCESS\" > \"${SCRIPT_OUTPUT_FILE_0}\"\n";
			showEnvVarsInLog = 0;
		};
		4F2C17FB1F8C5E4205EA5192 /* [CP] Embed Pods Frameworks */ = {
			isa = PBXShellScriptBuildPhase;
			buildActionMask = 2147483647;
			files = (
			);
			inputPaths = (
				"${SRCROOT}/Pods/Target Support Files/Pods-app/Pods-app-frameworks.sh",
				"${BUILT_PRODUCTS_DIR}/CropViewController/CropViewController.framework",
				"${BUILT_PRODUCTS_DIR}/ImageSlideshow/ImageSlideshow.framework",
				"${BUILT_PRODUCTS_DIR}/KeychainSwift/KeychainSwift.framework",
				"${BUILT_PRODUCTS_DIR}/MGSwipeTableCell/MGSwipeTableCell.framework",
				"${BUILT_PRODUCTS_DIR}/SDWebImage/SDWebImage.framework",
				"${BUILT_PRODUCTS_DIR}/SwiftMessages/SwiftMessages.framework",
				"${BUILT_PRODUCTS_DIR}/UICircularProgressRing/UICircularProgressRing.framework",
				"${BUILT_PRODUCTS_DIR}/XLActionController/XLActionController.framework",
			);
			name = "[CP] Embed Pods Frameworks";
			outputPaths = (
				"${TARGET_BUILD_DIR}/${FRAMEWORKS_FOLDER_PATH}/CropViewController.framework",
				"${TARGET_BUILD_DIR}/${FRAMEWORKS_FOLDER_PATH}/ImageSlideshow.framework",
				"${TARGET_BUILD_DIR}/${FRAMEWORKS_FOLDER_PATH}/KeychainSwift.framework",
				"${TARGET_BUILD_DIR}/${FRAMEWORKS_FOLDER_PATH}/MGSwipeTableCell.framework",
				"${TARGET_BUILD_DIR}/${FRAMEWORKS_FOLDER_PATH}/SDWebImage.framework",
				"${TARGET_BUILD_DIR}/${FRAMEWORKS_FOLDER_PATH}/SwiftMessages.framework",
				"${TARGET_BUILD_DIR}/${FRAMEWORKS_FOLDER_PATH}/UICircularProgressRing.framework",
				"${TARGET_BUILD_DIR}/${FRAMEWORKS_FOLDER_PATH}/XLActionController.framework",
			);
			runOnlyForDeploymentPostprocessing = 0;
			shellPath = /bin/sh;
			shellScript = "\"${SRCROOT}/Pods/Target Support Files/Pods-app/Pods-app-frameworks.sh\"\n";
			showEnvVarsInLog = 0;
		};
/* End PBXShellScriptBuildPhase section */

/* Begin PBXSourcesBuildPhase section */
		0507C85B1F8C1A920084CDF1 /* Sources */ = {
			isa = PBXSourcesBuildPhase;
			buildActionMask = 2147483647;
			files = (
				6032F61C205287ED00975C23 /* LoadingIndicator.swift in Sources */,
				05BFBBB21FDA5DBF00DBCDDF /* UIFunctions.swift in Sources */,
				05BFBBBF1FDA9FCF00DBCDDF /* NavigationBarStyle.swift in Sources */,
				60AE9C88202DE87100F246CD /* OptionsListViewController.swift in Sources */,
				05029ED61FE9A683004D96B1 /* ButtonWithData.swift in Sources */,
				60AE9C94202DFB6A00F246CD /* UITableView+RegisterNib.swift in Sources */,
				05BEA447204C21E800147BF5 /* PopUpView.swift in Sources */,
				05644DBA1FFEF3A500B7C853 /* ChatConversationTableViewCell.swift in Sources */,
				05BEA444204C1FFA00147BF5 /* PromptUser.swift in Sources */,
				6009DB992130922C002FD769 /* StatisticViewController.swift in Sources */,
				60FAB83C2064320E0039BF61 /* Request Inputs.swift in Sources */,
				05AE646F1FA2B43000FCCC28 /* ApiOutputs.swift in Sources */,
				05644DC21FFEF5CB00B7C853 /* String+widthAndHeightOfLabel.swift in Sources */,
				6009DBA02130A385002FD769 /* Statistics.swift in Sources */,
				05335D451FD0D0A800601115 /* GiftDetailViewController.swift in Sources */,
				05644DC61FFEFA2E00B7C853 /* DateHandler.swift in Sources */,
				05644DCD1FFF06BD00B7C853 /* SectionView.swift in Sources */,
				05BFBBE01FE26ADE00DBCDDF /* User.swift in Sources */,
				6092D633204950F700AFDA7B /* MyGiftsViewController.swift in Sources */,
				60FAB83E2064DBE10039BF61 /* APICall.swift in Sources */,
				05BFBBD41FE1C4EE00DBCDDF /* RequestsViewController.swift in Sources */,
				05BEA4312049667500147BF5 /* MyKindnessWallViewController.swift in Sources */,
				05BEA43820498EB400147BF5 /* UIView+hide+show.swift in Sources */,
				6009DB95212D6FE5002FD769 /* ContactUsViewController.swift in Sources */,
				05335D491FD0DDA200601115 /* SDWebImageSource.swift in Sources */,
				05644DBC1FFEF3A500B7C853 /* ChatListTableViewCell.swift in Sources */,
				05BFBBE41FE26B4C00DBCDDF /* Request.swift in Sources */,
				6009DB9D2130931C002FD769 /* StatisticTableViewCell.swift in Sources */,
				05BFBBC11FDA9FCF00DBCDDF /* DateHelper.swift in Sources */,
				60861156206E50CD000A42E5 /* AppLanguage.swift in Sources */,
				05644DC41FFEF62300B7C853 /* ChatAbs.swift in Sources */,
				60FAB843206503AE0039BF61 /* Stored Models.swift in Sources */,
				60AE9C91202DF97100F246CD /* CategoryOptionsTableViewCell.swift in Sources */,
				601F83CE2036A50600F9118B /* GenericOptionsTableViewCell.swift in Sources */,
				05BFBBD01FE0703500DBCDDF /* RegisterGiftViewController.swift in Sources */,
				05BFBBC81FDAA4EF00DBCDDF /* AppColor.swift in Sources */,
				05029ED21FE93EC9004D96B1 /* RequestToAGiftTableViewCell.swift in Sources */,
				05029EBA1FE2BF8F004D96B1 /* AppDelegate+getMe.swift in Sources */,
				05644DC01FFEF44A00B7C853 /* Message.swift in Sources */,
				05BFBBC01FDA9FCF00DBCDDF /* FlashMessage.swift in Sources */,
				05BFBBCA1FDAA53900DBCDDF /* AppFont.swift in Sources */,
				05BFBBDE1FE26A9000DBCDDF /* Gift.swift in Sources */,
				0507C8651F8C1A920084CDF1 /* ViewController.swift in Sources */,
				60302DE32069018C0025D397 /* PopUpMessage.swift in Sources */,
				05BFBBC31FDAA45C00DBCDDF /* Time.swift in Sources */,
				6040F3A3206688A800FCD429 /* APIEmptyInput.swift in Sources */,
				05BFBBDB1FE24C6E00DBCDDF /* TabIndex.swift in Sources */,
				05029ECE1FE9381E004D96B1 /* RequestsTableViewCell.swift in Sources */,
				05BFBBBB1FDA654D00DBCDDF /* ActivationEnterVerifyCodeViewController.swift in Sources */,
				05644DD01FFF06F900B7C853 /* NibLoader.swift in Sources */,
				05BEA43E2049919D00147BF5 /* String+numbers.swift in Sources */,
				054B1B491FCC29F6007570EF /* GiftTableViewCell.swift in Sources */,
				0507C8631F8C1A920084CDF1 /* AppDelegate.swift in Sources */,
				05F6AA551FFEEB8D00CDABC2 /* ChatConversationViewController.swift in Sources */,
				05AE64731FA93F4800FCCC28 /* ApiMethods.swift in Sources */,
				05DDD3E01F921DCD006C5E31 /* ApiInput.swift in Sources */,
				05DDD3E21F921E98006C5E31 /* ResponseModel.swift in Sources */,
				05BFBBCC1FDB101700DBCDDF /* UIFont+printAllFonts.swift in Sources */,
				60AE9C86202DB9B100F246CD /* CategoryListViewModel.swift in Sources */,
				05BFBBEC1FE29F7C00DBCDDF /* IntroViewController.swift in Sources */,
				05644DC81FFF01C300B7C853 /* ChatConversationResult.swift in Sources */,
				05BFBBB81FDA654D00DBCDDF /* ActivationEnterPhoneViewController.swift in Sources */,
				056FBB611F91585C0023C9CF /* APIURLs.swift in Sources */,
				601F83D32037367900F9118B /* Place.swift in Sources */,
				05BEA43C20498F1900147BF5 /* UITableView+RegisterCell.swift in Sources */,
				05DDD3E41F921F19006C5E31 /* APIRequest.swift in Sources */,
				60861154206E3E2C000A42E5 /* UINavigationBar + config.swift in Sources */,
				602BC8F62034B7BE00ECF6E2 /* UploadImageView.swift in Sources */,
				05BFBBC61FDAA4B200DBCDDF /* AppEnums.swift in Sources */,
				60FAB83920642AB80039BF61 /* UINavigationItem + config.swift in Sources */,
				05BEA43A20498EF100147BF5 /* UIView+RegisterationHelp.swift in Sources */,
				60FAB8402064EE950039BF61 /* RGVC + uploading images.swift in Sources */,
				05BFBBD91FE24C4D00DBCDDF /* AppConstants.swift in Sources */,
				601F83D7203C3CD400F9118B /* ImageUpload.swift in Sources */,
				05029ECA1FE334C5004D96B1 /* RequestToAGiftViewController.swift in Sources */,
				601F83D520373E9E00F9118B /* PlaceListViewModel.swift in Sources */,
				601F83C32036A36500F9118B /* DateStatusListViewModel.swift in Sources */,
				60302DE02068FC7E0025D397 /* PopUpViewController.swift in Sources */,
				05644DCA1FFF02A100B7C853 /* UITableView+isCellVisible.swift in Sources */,
				056FBB5A1F9135EA0023C9CF /* HomeViewController.swift in Sources */,
				05F6AA541FFEEB8D00CDABC2 /* ChatListTableViewController.swift in Sources */,
				05BFBBD71FE1D6FE00DBCDDF /* String+isNumber.swift in Sources */,
				05BFBBE21FE26B0500DBCDDF /* Category.swift in Sources */,
				05644DBE1FFEF3A500B7C853 /* OthersChatConversationTableViewCell.swift in Sources */,
				601F83D12036A8BE00F9118B /* DateStatus.swift in Sources */,
			);
			runOnlyForDeploymentPostprocessing = 0;
		};
/* End PBXSourcesBuildPhase section */

/* Begin PBXVariantGroup section */
		0507C8661F8C1A920084CDF1 /* Main.storyboard */ = {
			isa = PBXVariantGroup;
			children = (
				0507C8671F8C1A920084CDF1 /* Base */,
			);
			name = Main.storyboard;
			sourceTree = "<group>";
		};
		0507C86B1F8C1A920084CDF1 /* LaunchScreen.storyboard */ = {
			isa = PBXVariantGroup;
			children = (
				0507C86C1F8C1A920084CDF1 /* Base */,
			);
			name = LaunchScreen.storyboard;
			sourceTree = "<group>";
		};
/* End PBXVariantGroup section */

/* Begin XCBuildConfiguration section */
		0507C86F1F8C1A920084CDF1 /* Debug */ = {
			isa = XCBuildConfiguration;
			buildSettings = {
				ALWAYS_SEARCH_USER_PATHS = NO;
				CLANG_ANALYZER_NONNULL = YES;
				CLANG_ANALYZER_NUMBER_OBJECT_CONVERSION = YES_AGGRESSIVE;
				CLANG_CXX_LANGUAGE_STANDARD = "gnu++14";
				CLANG_CXX_LIBRARY = "libc++";
				CLANG_ENABLE_MODULES = YES;
				CLANG_ENABLE_OBJC_ARC = YES;
				CLANG_WARN_BLOCK_CAPTURE_AUTORELEASING = YES;
				CLANG_WARN_BOOL_CONVERSION = YES;
				CLANG_WARN_COMMA = YES;
				CLANG_WARN_CONSTANT_CONVERSION = YES;
				CLANG_WARN_DIRECT_OBJC_ISA_USAGE = YES_ERROR;
				CLANG_WARN_DOCUMENTATION_COMMENTS = YES;
				CLANG_WARN_EMPTY_BODY = YES;
				CLANG_WARN_ENUM_CONVERSION = YES;
				CLANG_WARN_INFINITE_RECURSION = YES;
				CLANG_WARN_INT_CONVERSION = YES;
				CLANG_WARN_NON_LITERAL_NULL_CONVERSION = YES;
				CLANG_WARN_OBJC_LITERAL_CONVERSION = YES;
				CLANG_WARN_OBJC_ROOT_CLASS = YES_ERROR;
				CLANG_WARN_RANGE_LOOP_ANALYSIS = YES;
				CLANG_WARN_STRICT_PROTOTYPES = YES;
				CLANG_WARN_SUSPICIOUS_MOVE = YES;
				CLANG_WARN_UNGUARDED_AVAILABILITY = YES_AGGRESSIVE;
				CLANG_WARN_UNREACHABLE_CODE = YES;
				CLANG_WARN__DUPLICATE_METHOD_MATCH = YES;
				CODE_SIGN_IDENTITY = "iPhone Developer";
				COPY_PHASE_STRIP = NO;
				DEBUG_INFORMATION_FORMAT = dwarf;
				ENABLE_STRICT_OBJC_MSGSEND = YES;
				ENABLE_TESTABILITY = YES;
				GCC_C_LANGUAGE_STANDARD = gnu11;
				GCC_DYNAMIC_NO_PIC = NO;
				GCC_NO_COMMON_BLOCKS = YES;
				GCC_OPTIMIZATION_LEVEL = 0;
				GCC_PREPROCESSOR_DEFINITIONS = (
					"DEBUG=1",
					"$(inherited)",
				);
				GCC_WARN_64_TO_32_BIT_CONVERSION = YES;
				GCC_WARN_ABOUT_RETURN_TYPE = YES_ERROR;
				GCC_WARN_UNDECLARED_SELECTOR = YES;
				GCC_WARN_UNINITIALIZED_AUTOS = YES_AGGRESSIVE;
				GCC_WARN_UNUSED_FUNCTION = YES;
				GCC_WARN_UNUSED_VARIABLE = YES;
				IPHONEOS_DEPLOYMENT_TARGET = 11.0;
				MTL_ENABLE_DEBUG_INFO = YES;
				ONLY_ACTIVE_ARCH = YES;
				SDKROOT = iphoneos;
				SWIFT_ACTIVE_COMPILATION_CONDITIONS = DEBUG;
				SWIFT_OPTIMIZATION_LEVEL = "-Onone";
				SWIFT_VERSION = 4.0;
			};
			name = Debug;
		};
		0507C8701F8C1A920084CDF1 /* Release */ = {
			isa = XCBuildConfiguration;
			buildSettings = {
				ALWAYS_SEARCH_USER_PATHS = NO;
				CLANG_ANALYZER_NONNULL = YES;
				CLANG_ANALYZER_NUMBER_OBJECT_CONVERSION = YES_AGGRESSIVE;
				CLANG_CXX_LANGUAGE_STANDARD = "gnu++14";
				CLANG_CXX_LIBRARY = "libc++";
				CLANG_ENABLE_MODULES = YES;
				CLANG_ENABLE_OBJC_ARC = YES;
				CLANG_WARN_BLOCK_CAPTURE_AUTORELEASING = YES;
				CLANG_WARN_BOOL_CONVERSION = YES;
				CLANG_WARN_COMMA = YES;
				CLANG_WARN_CONSTANT_CONVERSION = YES;
				CLANG_WARN_DIRECT_OBJC_ISA_USAGE = YES_ERROR;
				CLANG_WARN_DOCUMENTATION_COMMENTS = YES;
				CLANG_WARN_EMPTY_BODY = YES;
				CLANG_WARN_ENUM_CONVERSION = YES;
				CLANG_WARN_INFINITE_RECURSION = YES;
				CLANG_WARN_INT_CONVERSION = YES;
				CLANG_WARN_NON_LITERAL_NULL_CONVERSION = YES;
				CLANG_WARN_OBJC_LITERAL_CONVERSION = YES;
				CLANG_WARN_OBJC_ROOT_CLASS = YES_ERROR;
				CLANG_WARN_RANGE_LOOP_ANALYSIS = YES;
				CLANG_WARN_STRICT_PROTOTYPES = YES;
				CLANG_WARN_SUSPICIOUS_MOVE = YES;
				CLANG_WARN_UNGUARDED_AVAILABILITY = YES_AGGRESSIVE;
				CLANG_WARN_UNREACHABLE_CODE = YES;
				CLANG_WARN__DUPLICATE_METHOD_MATCH = YES;
				CODE_SIGN_IDENTITY = "iPhone Developer";
				COPY_PHASE_STRIP = NO;
				DEBUG_INFORMATION_FORMAT = "dwarf-with-dsym";
				ENABLE_NS_ASSERTIONS = NO;
				ENABLE_STRICT_OBJC_MSGSEND = YES;
				GCC_C_LANGUAGE_STANDARD = gnu11;
				GCC_NO_COMMON_BLOCKS = YES;
				GCC_WARN_64_TO_32_BIT_CONVERSION = YES;
				GCC_WARN_ABOUT_RETURN_TYPE = YES_ERROR;
				GCC_WARN_UNDECLARED_SELECTOR = YES;
				GCC_WARN_UNINITIALIZED_AUTOS = YES_AGGRESSIVE;
				GCC_WARN_UNUSED_FUNCTION = YES;
				GCC_WARN_UNUSED_VARIABLE = YES;
				IPHONEOS_DEPLOYMENT_TARGET = 11.0;
				MTL_ENABLE_DEBUG_INFO = NO;
				SDKROOT = iphoneos;
				SWIFT_OPTIMIZATION_LEVEL = "-Owholemodule";
				SWIFT_VERSION = 4.0;
				VALIDATE_PRODUCT = YES;
			};
			name = Release;
		};
		0507C8721F8C1A920084CDF1 /* Debug */ = {
			isa = XCBuildConfiguration;
			baseConfigurationReference = 006A9055ED7D4288198332F6 /* Pods-app.debug.xcconfig */;
			buildSettings = {
				ASSETCATALOG_COMPILER_APPICON_NAME = AppIcon;
				CODE_SIGN_STYLE = Automatic;
				DEVELOPMENT_TEAM = 9GZYVJV4M6;
				INFOPLIST_FILE = app/Info.plist;
				LD_RUNPATH_SEARCH_PATHS = "$(inherited) @executable_path/Frameworks";
				PRODUCT_BUNDLE_IDENTIFIER = ir.kindnesswall;
				PRODUCT_NAME = "$(TARGET_NAME)";
				SWIFT_VERSION = 4.2;
				TARGETED_DEVICE_FAMILY = "1,2";
			};
			name = Debug;
		};
		0507C8731F8C1A920084CDF1 /* Release */ = {
			isa = XCBuildConfiguration;
			baseConfigurationReference = 34176770A2B90CD712426CA0 /* Pods-app.release.xcconfig */;
			buildSettings = {
				ASSETCATALOG_COMPILER_APPICON_NAME = AppIcon;
				CODE_SIGN_STYLE = Automatic;
				DEVELOPMENT_TEAM = 9GZYVJV4M6;
				INFOPLIST_FILE = app/Info.plist;
				LD_RUNPATH_SEARCH_PATHS = "$(inherited) @executable_path/Frameworks";
				PRODUCT_BUNDLE_IDENTIFIER = ir.kindnesswall;
				PRODUCT_NAME = "$(TARGET_NAME)";
				SWIFT_VERSION = 4.2;
				TARGETED_DEVICE_FAMILY = "1,2";
			};
			name = Release;
		};
/* End XCBuildConfiguration section */

/* Begin XCConfigurationList section */
		0507C85A1F8C1A920084CDF1 /* Build configuration list for PBXProject "app" */ = {
			isa = XCConfigurationList;
			buildConfigurations = (
				0507C86F1F8C1A920084CDF1 /* Debug */,
				0507C8701F8C1A920084CDF1 /* Release */,
			);
			defaultConfigurationIsVisible = 0;
			defaultConfigurationName = Release;
		};
		0507C8711F8C1A920084CDF1 /* Build configuration list for PBXNativeTarget "app" */ = {
			isa = XCConfigurationList;
			buildConfigurations = (
				0507C8721F8C1A920084CDF1 /* Debug */,
				0507C8731F8C1A920084CDF1 /* Release */,
			);
			defaultConfigurationIsVisible = 0;
			defaultConfigurationName = Release;
		};
/* End XCConfigurationList section */
	};
	rootObject = 0507C8571F8C1A920084CDF1 /* Project object */;
}
